// !$*UTF8*$!
{
	archiveVersion = 1;
	classes = {
	};
	objectVersion = 56;
	objects = {

/* Begin PBXBuildFile section */
		941261F22B8A314600361141 /* AppDelegate.swift in Sources */ = {isa = PBXBuildFile; fileRef = 941261F12B8A314600361141 /* AppDelegate.swift */; };
		941261F72B8A31E500361141 /* TabBarController.swift in Sources */ = {isa = PBXBuildFile; fileRef = 941261F62B8A31E500361141 /* TabBarController.swift */; };
		941261F92B8A31F500361141 /* HomeViewController.swift in Sources */ = {isa = PBXBuildFile; fileRef = 941261F82B8A31F500361141 /* HomeViewController.swift */; };
		941261FB2B8A320400361141 /* SettingsViewController.swift in Sources */ = {isa = PBXBuildFile; fileRef = 941261FA2B8A320400361141 /* SettingsViewController.swift */; };
		941262002B8A324600361141 /* TrainingViewModel.swift in Sources */ = {isa = PBXBuildFile; fileRef = 941261FF2B8A324600361141 /* TrainingViewModel.swift */; };
		941262022B8A325600361141 /* SettingsViewModel.swift in Sources */ = {isa = PBXBuildFile; fileRef = 941262012B8A325600361141 /* SettingsViewModel.swift */; };
		941262082B8A32D900361141 /* AuthService.swift in Sources */ = {isa = PBXBuildFile; fileRef = 941262072B8A32D900361141 /* AuthService.swift */; };
		9412620A2B8A32E400361141 /* APIClient.swift in Sources */ = {isa = PBXBuildFile; fileRef = 941262092B8A32E400361141 /* APIClient.swift */; };
		9412620C2B8A32EE00361141 /* CoreDataManage.swift in Sources */ = {isa = PBXBuildFile; fileRef = 9412620B2B8A32EE00361141 /* CoreDataManage.swift */; };
		9412620E2B8A331700361141 /* SceneDelegate.swift in Sources */ = {isa = PBXBuildFile; fileRef = 9412620D2B8A331700361141 /* SceneDelegate.swift */; };
		941893F22B8DED2900D0243A /* TabBar.swift in Sources */ = {isa = PBXBuildFile; fileRef = 941893F12B8DED2900D0243A /* TabBar.swift */; };
		941893F42B8DF10200D0243A /* TrainingView.swift in Sources */ = {isa = PBXBuildFile; fileRef = 941893F32B8DF10200D0243A /* TrainingView.swift */; };
		941893F62B8DF18200D0243A /* TrainingModel.swift in Sources */ = {isa = PBXBuildFile; fileRef = 941893F52B8DF18200D0243A /* TrainingModel.swift */; };
		9447CC322B971DD900AA35CA /* CustomNavigationBar.swift in Sources */ = {isa = PBXBuildFile; fileRef = 9447CC312B971DD900AA35CA /* CustomNavigationBar.swift */; };
		94508F652BA8606C0099BD44 /* TheoryView.swift in Sources */ = {isa = PBXBuildFile; fileRef = 94508F642BA8606C0099BD44 /* TheoryView.swift */; };
		946224C72BBAC96300B5BCA4 /* CalendarView.swift in Sources */ = {isa = PBXBuildFile; fileRef = 946224C62BBAC96300B5BCA4 /* CalendarView.swift */; };
		946BE6072B79D71900EE3869 /* PosturatoApp.swift in Sources */ = {isa = PBXBuildFile; fileRef = 946BE6062B79D71900EE3869 /* PosturatoApp.swift */; };
		946BE6092B79D71900EE3869 /* ContentView.swift in Sources */ = {isa = PBXBuildFile; fileRef = 946BE6082B79D71900EE3869 /* ContentView.swift */; };
		946BE60B2B79D71900EE3869 /* Assets.xcassets in Resources */ = {isa = PBXBuildFile; fileRef = 946BE60A2B79D71900EE3869 /* Assets.xcassets */; };
		946BE60F2B79D71900EE3869 /* Preview Assets.xcassets in Resources */ = {isa = PBXBuildFile; fileRef = 946BE60E2B79D71900EE3869 /* Preview Assets.xcassets */; };
		946DE4BB2BD423A200E4D66E /* TheoryViewModel.swift in Sources */ = {isa = PBXBuildFile; fileRef = 946DE4BA2BD423A200E4D66E /* TheoryViewModel.swift */; };
		94A755402BBAB3FF00322C09 /* ProgressView.swift in Sources */ = {isa = PBXBuildFile; fileRef = 94A7553F2BBAB3FF00322C09 /* ProgressView.swift */; };
		94B7CE312BE1018D0044DEB7 /* WorkoutViewModel.swift in Sources */ = {isa = PBXBuildFile; fileRef = 94B7CE302BE1018D0044DEB7 /* WorkoutViewModel.swift */; };
		94B7CE332BE10B770044DEB7 /* WorkoutExerciseView.swift in Sources */ = {isa = PBXBuildFile; fileRef = 94B7CE322BE10B770044DEB7 /* WorkoutExerciseView.swift */; };
		94B7CE3D2BE7DDA90044DEB7 /* WorkoutCardView.swift in Sources */ = {isa = PBXBuildFile; fileRef = 94B7CE3C2BE7DDA90044DEB7 /* WorkoutCardView.swift */; };
		94B7CE402BE8A6860044DEB7 /* DetailView.swift in Sources */ = {isa = PBXBuildFile; fileRef = 94B7CE3F2BE8A6860044DEB7 /* DetailView.swift */; };
		94B7CE432BE8AA310044DEB7 /* Section.swift in Sources */ = {isa = PBXBuildFile; fileRef = 94B7CE422BE8AA310044DEB7 /* Section.swift */; };
		94B7CE452BE8AB7E0044DEB7 /* Cell.swift in Sources */ = {isa = PBXBuildFile; fileRef = 94B7CE442BE8AB7E0044DEB7 /* Cell.swift */; };
		94B7CE472BE8ABC90044DEB7 /* TheoryModel.swift in Sources */ = {isa = PBXBuildFile; fileRef = 94B7CE462BE8ABC90044DEB7 /* TheoryModel.swift */; };
		94CAAB662BC26329006D2926 /* RestView.swift in Sources */ = {isa = PBXBuildFile; fileRef = 94CAAB652BC26329006D2926 /* RestView.swift */; };
		94CAAB682BC26CFC006D2926 /* RestViewModel.swift in Sources */ = {isa = PBXBuildFile; fileRef = 94CAAB672BC26CFC006D2926 /* RestViewModel.swift */; };
		94CAAB6C2BC2C2F4006D2926 /* TermsOfUseViewModel.swift in Sources */ = {isa = PBXBuildFile; fileRef = 94CAAB6B2BC2C2F4006D2926 /* TermsOfUseViewModel.swift */; };
		94CAAB6E2BC2C319006D2926 /* TermsOfUseView.swift in Sources */ = {isa = PBXBuildFile; fileRef = 94CAAB6D2BC2C319006D2926 /* TermsOfUseView.swift */; };
		94CAAB702BC2C33B006D2926 /* PrivacyPolicyViewModel.swift in Sources */ = {isa = PBXBuildFile; fileRef = 94CAAB6F2BC2C33B006D2926 /* PrivacyPolicyViewModel.swift */; };
		94CAAB722BC2C348006D2926 /* PrivacyPolicyView.swift in Sources */ = {isa = PBXBuildFile; fileRef = 94CAAB712BC2C348006D2926 /* PrivacyPolicyView.swift */; };
		94CAAB742BC2C5A6006D2926 /* ContactSupportViewModel.swift in Sources */ = {isa = PBXBuildFile; fileRef = 94CAAB732BC2C5A6006D2926 /* ContactSupportViewModel.swift */; };
		94CAAB762BC2C5B7006D2926 /* ContactSupportView.swift in Sources */ = {isa = PBXBuildFile; fileRef = 94CAAB752BC2C5B7006D2926 /* ContactSupportView.swift */; };
		94CAAB7B2BC2CB61006D2926 /* SecurityView.swift in Sources */ = {isa = PBXBuildFile; fileRef = 94CAAB7A2BC2CB61006D2926 /* SecurityView.swift */; };
		94CAAB7D2BC3CE58006D2926 /* LanguageView.swift in Sources */ = {isa = PBXBuildFile; fileRef = 94CAAB7C2BC3CE58006D2926 /* LanguageView.swift */; };
		94CAAB8C2BC40927006D2926 /* ProfileView.swift in Sources */ = {isa = PBXBuildFile; fileRef = 94CAAB8B2BC40927006D2926 /* ProfileView.swift */; };
		94D0CAAC2BA2EC3D007CC822 /* SettingsView.swift in Sources */ = {isa = PBXBuildFile; fileRef = 94D0CAAB2BA2EC3D007CC822 /* SettingsView.swift */; };
		94D0CAB12BA2F0AF007CC822 /* CustomSettingButton.swift in Sources */ = {isa = PBXBuildFile; fileRef = 94D0CAB02BA2F0AF007CC822 /* CustomSettingButton.swift */; };
		94D1375E2BADBB0600C0337C /* Exercise.swift in Sources */ = {isa = PBXBuildFile; fileRef = 94D1375D2BADBB0500C0337C /* Exercise.swift */; };
		94D137602BADBC0500C0337C /* Workout.swift in Sources */ = {isa = PBXBuildFile; fileRef = 94D1375F2BADBC0500C0337C /* Workout.swift */; };
		94D137642BADBD4900C0337C /* WorkoutDetailView.swift in Sources */ = {isa = PBXBuildFile; fileRef = 94D137632BADBD4900C0337C /* WorkoutDetailView.swift */; };
		94D137682BADBD7300C0337C /* FinishWorkoutView.swift in Sources */ = {isa = PBXBuildFile; fileRef = 94D137672BADBD7300C0337C /* FinishWorkoutView.swift */; };
		94D1376A2BADBDB900C0337C /* WorkoutCell.swift in Sources */ = {isa = PBXBuildFile; fileRef = 94D137692BADBDB900C0337C /* WorkoutCell.swift */; };
		94FE64912BC40AA200F12069 /* SubscriptionView.swift in Sources */ = {isa = PBXBuildFile; fileRef = 94FE64902BC40AA200F12069 /* SubscriptionView.swift */; };
		94FE64932BC40AA600F12069 /* SubscriptionViewModel.swift in Sources */ = {isa = PBXBuildFile; fileRef = 94FE64922BC40AA600F12069 /* SubscriptionViewModel.swift */; };
		94FE64952BC40ACA00F12069 /* ProfileViewModel.swift in Sources */ = {isa = PBXBuildFile; fileRef = 94FE64942BC40ACA00F12069 /* ProfileViewModel.swift */; };
		94FE64972BC40B0100F12069 /* NotificationsView.swift in Sources */ = {isa = PBXBuildFile; fileRef = 94FE64962BC40B0100F12069 /* NotificationsView.swift */; };
		94FE64992BC40B0600F12069 /* NotificationsViewModel.swift in Sources */ = {isa = PBXBuildFile; fileRef = 94FE64982BC40B0600F12069 /* NotificationsViewModel.swift */; };
		94FE649B2BC40B3200F12069 /* LanguageViewModel.swift in Sources */ = {isa = PBXBuildFile; fileRef = 94FE649A2BC40B3200F12069 /* LanguageViewModel.swift */; };
		94FE649D2BC40BA200F12069 /* FrequentlyAskedQuestionsView.swift in Sources */ = {isa = PBXBuildFile; fileRef = 94FE649C2BC40BA200F12069 /* FrequentlyAskedQuestionsView.swift */; };
		94FE649F2BC40BCB00F12069 /* FrequentlyAskedQuestionsViewModel.swift in Sources */ = {isa = PBXBuildFile; fileRef = 94FE649E2BC40BCB00F12069 /* FrequentlyAskedQuestionsViewModel.swift */; };
/* End PBXBuildFile section */

/* Begin PBXFileReference section */
		941261F12B8A314600361141 /* AppDelegate.swift */ = {isa = PBXFileReference; lastKnownFileType = sourcecode.swift; path = AppDelegate.swift; sourceTree = "<group>"; };
		941261F62B8A31E500361141 /* TabBarController.swift */ = {isa = PBXFileReference; lastKnownFileType = sourcecode.swift; path = TabBarController.swift; sourceTree = "<group>"; };
		941261F82B8A31F500361141 /* HomeViewController.swift */ = {isa = PBXFileReference; lastKnownFileType = sourcecode.swift; path = HomeViewController.swift; sourceTree = "<group>"; };
		941261FA2B8A320400361141 /* SettingsViewController.swift */ = {isa = PBXFileReference; lastKnownFileType = sourcecode.swift; path = SettingsViewController.swift; sourceTree = "<group>"; };
		941261FF2B8A324600361141 /* TrainingViewModel.swift */ = {isa = PBXFileReference; lastKnownFileType = sourcecode.swift; path = TrainingViewModel.swift; sourceTree = "<group>"; };
		941262012B8A325600361141 /* SettingsViewModel.swift */ = {isa = PBXFileReference; lastKnownFileType = sourcecode.swift; path = SettingsViewModel.swift; sourceTree = "<group>"; };
		941262072B8A32D900361141 /* AuthService.swift */ = {isa = PBXFileReference; lastKnownFileType = sourcecode.swift; path = AuthService.swift; sourceTree = "<group>"; };
		941262092B8A32E400361141 /* APIClient.swift */ = {isa = PBXFileReference; lastKnownFileType = sourcecode.swift; path = APIClient.swift; sourceTree = "<group>"; };
		9412620B2B8A32EE00361141 /* CoreDataManage.swift */ = {isa = PBXFileReference; lastKnownFileType = sourcecode.swift; path = CoreDataManage.swift; sourceTree = "<group>"; };
		9412620D2B8A331700361141 /* SceneDelegate.swift */ = {isa = PBXFileReference; lastKnownFileType = sourcecode.swift; path = SceneDelegate.swift; sourceTree = "<group>"; };
		941893F12B8DED2900D0243A /* TabBar.swift */ = {isa = PBXFileReference; lastKnownFileType = sourcecode.swift; path = TabBar.swift; sourceTree = "<group>"; };
		941893F32B8DF10200D0243A /* TrainingView.swift */ = {isa = PBXFileReference; lastKnownFileType = sourcecode.swift; path = TrainingView.swift; sourceTree = "<group>"; };
		941893F52B8DF18200D0243A /* TrainingModel.swift */ = {isa = PBXFileReference; lastKnownFileType = sourcecode.swift; path = TrainingModel.swift; sourceTree = "<group>"; };
		9447CC312B971DD900AA35CA /* CustomNavigationBar.swift */ = {isa = PBXFileReference; lastKnownFileType = sourcecode.swift; path = CustomNavigationBar.swift; sourceTree = "<group>"; };
		94508F642BA8606C0099BD44 /* TheoryView.swift */ = {isa = PBXFileReference; lastKnownFileType = sourcecode.swift; path = TheoryView.swift; sourceTree = "<group>"; };
		946224C62BBAC96300B5BCA4 /* CalendarView.swift */ = {isa = PBXFileReference; lastKnownFileType = sourcecode.swift; path = CalendarView.swift; sourceTree = "<group>"; };
		946BE6032B79D71900EE3869 /* Posturato.app */ = {isa = PBXFileReference; explicitFileType = wrapper.application; includeInIndex = 0; path = Posturato.app; sourceTree = BUILT_PRODUCTS_DIR; };
		946BE6062B79D71900EE3869 /* PosturatoApp.swift */ = {isa = PBXFileReference; lastKnownFileType = sourcecode.swift; path = PosturatoApp.swift; sourceTree = "<group>"; };
		946BE6082B79D71900EE3869 /* ContentView.swift */ = {isa = PBXFileReference; lastKnownFileType = sourcecode.swift; path = ContentView.swift; sourceTree = "<group>"; };
		946BE60A2B79D71900EE3869 /* Assets.xcassets */ = {isa = PBXFileReference; lastKnownFileType = folder.assetcatalog; path = Assets.xcassets; sourceTree = "<group>"; };
		946BE60C2B79D71900EE3869 /* Posturato.entitlements */ = {isa = PBXFileReference; lastKnownFileType = text.plist.entitlements; path = Posturato.entitlements; sourceTree = "<group>"; };
		946BE60E2B79D71900EE3869 /* Preview Assets.xcassets */ = {isa = PBXFileReference; lastKnownFileType = folder.assetcatalog; path = "Preview Assets.xcassets"; sourceTree = "<group>"; };
		946DE4BA2BD423A200E4D66E /* TheoryViewModel.swift */ = {isa = PBXFileReference; lastKnownFileType = sourcecode.swift; path = TheoryViewModel.swift; sourceTree = "<group>"; };
		94A7553F2BBAB3FF00322C09 /* ProgressView.swift */ = {isa = PBXFileReference; lastKnownFileType = sourcecode.swift; path = ProgressView.swift; sourceTree = "<group>"; };
		94B7CE302BE1018D0044DEB7 /* WorkoutViewModel.swift */ = {isa = PBXFileReference; lastKnownFileType = sourcecode.swift; path = WorkoutViewModel.swift; sourceTree = "<group>"; };
		94B7CE322BE10B770044DEB7 /* WorkoutExerciseView.swift */ = {isa = PBXFileReference; lastKnownFileType = sourcecode.swift; path = WorkoutExerciseView.swift; sourceTree = "<group>"; };
		94B7CE3C2BE7DDA90044DEB7 /* WorkoutCardView.swift */ = {isa = PBXFileReference; lastKnownFileType = sourcecode.swift; path = WorkoutCardView.swift; sourceTree = "<group>"; };
		94B7CE3F2BE8A6860044DEB7 /* DetailView.swift */ = {isa = PBXFileReference; lastKnownFileType = sourcecode.swift; path = DetailView.swift; sourceTree = "<group>"; };
		94B7CE422BE8AA310044DEB7 /* Section.swift */ = {isa = PBXFileReference; lastKnownFileType = sourcecode.swift; path = Section.swift; sourceTree = "<group>"; };
		94B7CE442BE8AB7E0044DEB7 /* Cell.swift */ = {isa = PBXFileReference; lastKnownFileType = sourcecode.swift; path = Cell.swift; sourceTree = "<group>"; };
		94B7CE462BE8ABC90044DEB7 /* TheoryModel.swift */ = {isa = PBXFileReference; lastKnownFileType = sourcecode.swift; path = TheoryModel.swift; sourceTree = "<group>"; };
		94CAAB652BC26329006D2926 /* RestView.swift */ = {isa = PBXFileReference; lastKnownFileType = sourcecode.swift; path = RestView.swift; sourceTree = "<group>"; };
		94CAAB672BC26CFC006D2926 /* RestViewModel.swift */ = {isa = PBXFileReference; lastKnownFileType = sourcecode.swift; path = RestViewModel.swift; sourceTree = "<group>"; };
		94CAAB6B2BC2C2F4006D2926 /* TermsOfUseViewModel.swift */ = {isa = PBXFileReference; lastKnownFileType = sourcecode.swift; path = TermsOfUseViewModel.swift; sourceTree = "<group>"; };
		94CAAB6D2BC2C319006D2926 /* TermsOfUseView.swift */ = {isa = PBXFileReference; lastKnownFileType = sourcecode.swift; path = TermsOfUseView.swift; sourceTree = "<group>"; };
		94CAAB6F2BC2C33B006D2926 /* PrivacyPolicyViewModel.swift */ = {isa = PBXFileReference; lastKnownFileType = sourcecode.swift; path = PrivacyPolicyViewModel.swift; sourceTree = "<group>"; };
		94CAAB712BC2C348006D2926 /* PrivacyPolicyView.swift */ = {isa = PBXFileReference; lastKnownFileType = sourcecode.swift; path = PrivacyPolicyView.swift; sourceTree = "<group>"; };
		94CAAB732BC2C5A6006D2926 /* ContactSupportViewModel.swift */ = {isa = PBXFileReference; lastKnownFileType = sourcecode.swift; path = ContactSupportViewModel.swift; sourceTree = "<group>"; };
		94CAAB752BC2C5B7006D2926 /* ContactSupportView.swift */ = {isa = PBXFileReference; lastKnownFileType = sourcecode.swift; path = ContactSupportView.swift; sourceTree = "<group>"; };
		94CAAB7A2BC2CB61006D2926 /* SecurityView.swift */ = {isa = PBXFileReference; lastKnownFileType = sourcecode.swift; path = SecurityView.swift; sourceTree = "<group>"; };
		94CAAB7C2BC3CE58006D2926 /* LanguageView.swift */ = {isa = PBXFileReference; lastKnownFileType = sourcecode.swift; path = LanguageView.swift; sourceTree = "<group>"; };
		94CAAB8B2BC40927006D2926 /* ProfileView.swift */ = {isa = PBXFileReference; lastKnownFileType = sourcecode.swift; path = ProfileView.swift; sourceTree = "<group>"; };
		94D0CAAB2BA2EC3D007CC822 /* SettingsView.swift */ = {isa = PBXFileReference; lastKnownFileType = sourcecode.swift; path = SettingsView.swift; sourceTree = "<group>"; };
		94D0CAB02BA2F0AF007CC822 /* CustomSettingButton.swift */ = {isa = PBXFileReference; lastKnownFileType = sourcecode.swift; path = CustomSettingButton.swift; sourceTree = "<group>"; };
		94D1375D2BADBB0500C0337C /* Exercise.swift */ = {isa = PBXFileReference; lastKnownFileType = sourcecode.swift; path = Exercise.swift; sourceTree = "<group>"; };
		94D1375F2BADBC0500C0337C /* Workout.swift */ = {isa = PBXFileReference; lastKnownFileType = sourcecode.swift; path = Workout.swift; sourceTree = "<group>"; };
		94D137632BADBD4900C0337C /* WorkoutDetailView.swift */ = {isa = PBXFileReference; lastKnownFileType = sourcecode.swift; path = WorkoutDetailView.swift; sourceTree = "<group>"; };
		94D137672BADBD7300C0337C /* FinishWorkoutView.swift */ = {isa = PBXFileReference; lastKnownFileType = sourcecode.swift; path = FinishWorkoutView.swift; sourceTree = "<group>"; };
		94D137692BADBDB900C0337C /* WorkoutCell.swift */ = {isa = PBXFileReference; lastKnownFileType = sourcecode.swift; path = WorkoutCell.swift; sourceTree = "<group>"; };
		94FE64902BC40AA200F12069 /* SubscriptionView.swift */ = {isa = PBXFileReference; lastKnownFileType = sourcecode.swift; path = SubscriptionView.swift; sourceTree = "<group>"; };
		94FE64922BC40AA600F12069 /* SubscriptionViewModel.swift */ = {isa = PBXFileReference; lastKnownFileType = sourcecode.swift; path = SubscriptionViewModel.swift; sourceTree = "<group>"; };
		94FE64942BC40ACA00F12069 /* ProfileViewModel.swift */ = {isa = PBXFileReference; lastKnownFileType = sourcecode.swift; path = ProfileViewModel.swift; sourceTree = "<group>"; };
		94FE64962BC40B0100F12069 /* NotificationsView.swift */ = {isa = PBXFileReference; lastKnownFileType = sourcecode.swift; path = NotificationsView.swift; sourceTree = "<group>"; };
		94FE64982BC40B0600F12069 /* NotificationsViewModel.swift */ = {isa = PBXFileReference; lastKnownFileType = sourcecode.swift; path = NotificationsViewModel.swift; sourceTree = "<group>"; };
		94FE649A2BC40B3200F12069 /* LanguageViewModel.swift */ = {isa = PBXFileReference; lastKnownFileType = sourcecode.swift; path = LanguageViewModel.swift; sourceTree = "<group>"; };
		94FE649C2BC40BA200F12069 /* FrequentlyAskedQuestionsView.swift */ = {isa = PBXFileReference; lastKnownFileType = sourcecode.swift; path = FrequentlyAskedQuestionsView.swift; sourceTree = "<group>"; };
		94FE649E2BC40BCB00F12069 /* FrequentlyAskedQuestionsViewModel.swift */ = {isa = PBXFileReference; lastKnownFileType = sourcecode.swift; path = FrequentlyAskedQuestionsViewModel.swift; sourceTree = "<group>"; };
/* End PBXFileReference section */

/* Begin PBXFrameworksBuildPhase section */
		946BE6002B79D71900EE3869 /* Frameworks */ = {
			isa = PBXFrameworksBuildPhase;
			buildActionMask = 2147483647;
			files = (
			);
			runOnlyForDeploymentPostprocessing = 0;
		};
/* End PBXFrameworksBuildPhase section */

/* Begin PBXGroup section */
		941261ED2B8A30F000361141 /* Services */ = {
			isa = PBXGroup;
			children = (
				941262062B8A32CC00361141 /* OtherServices */,
				941262052B8A32AB00361141 /* Database */,
				941261F32B8A316C00361141 /* Network */,
			);
			path = Services;
			sourceTree = "<group>";
		};
		941261EF2B8A311200361141 /* Resourses */ = {
			isa = PBXGroup;
			children = (
				946BE60A2B79D71900EE3869 /* Assets.xcassets */,
			);
			path = Resourses;
			sourceTree = "<group>";
		};
		941261F02B8A312600361141 /* Supporting Files */ = {
			isa = PBXGroup;
			children = (
				941261F12B8A314600361141 /* AppDelegate.swift */,
				9412620D2B8A331700361141 /* SceneDelegate.swift */,
			);
			path = "Supporting Files";
			sourceTree = "<group>";
		};
		941261F32B8A316C00361141 /* Network */ = {
			isa = PBXGroup;
			children = (
				941262092B8A32E400361141 /* APIClient.swift */,
			);
			path = Network;
			sourceTree = "<group>";
		};
		941261F52B8A31C700361141 /* ViewControllers */ = {
			isa = PBXGroup;
			children = (
				941261F62B8A31E500361141 /* TabBarController.swift */,
				941261F82B8A31F500361141 /* HomeViewController.swift */,
				941261FA2B8A320400361141 /* SettingsViewController.swift */,
			);
			path = ViewControllers;
			sourceTree = "<group>";
		};
		941261FD2B8A321E00361141 /* CustomViews */ = {
			isa = PBXGroup;
			children = (
			);
			path = CustomViews;
			sourceTree = "<group>";
		};
		941262052B8A32AB00361141 /* Database */ = {
			isa = PBXGroup;
			children = (
				9412620B2B8A32EE00361141 /* CoreDataManage.swift */,
			);
			path = Database;
			sourceTree = "<group>";
		};
		941262062B8A32CC00361141 /* OtherServices */ = {
			isa = PBXGroup;
			children = (
				941262072B8A32D900361141 /* AuthService.swift */,
			);
			path = OtherServices;
			sourceTree = "<group>";
		};
		9447CC2D2B971C5900AA35CA /* TrainingScreen */ = {
			isa = PBXGroup;
			children = (
				941893F32B8DF10200D0243A /* TrainingView.swift */,
				941261FF2B8A324600361141 /* TrainingViewModel.swift */,
				94B7CE3C2BE7DDA90044DEB7 /* WorkoutCardView.swift */,
			);
			path = TrainingScreen;
			sourceTree = "<group>";
		};
		944F81E82BBEDC880019627E /* Workout */ = {
			isa = PBXGroup;
			children = (
				94B7CE302BE1018D0044DEB7 /* WorkoutViewModel.swift */,
				94D137632BADBD4900C0337C /* WorkoutDetailView.swift */,
				94B7CE322BE10B770044DEB7 /* WorkoutExerciseView.swift */,
				94CAAB652BC26329006D2926 /* RestView.swift */,
				94CAAB672BC26CFC006D2926 /* RestViewModel.swift */,
				94D137672BADBD7300C0337C /* FinishWorkoutView.swift */,
			);
			path = Workout;
			sourceTree = "<group>";
		};
		94508F632BA860370099BD44 /* Theory */ = {
			isa = PBXGroup;
			children = (
				94B7CE412BE8A8290044DEB7 /* SubView */,
				94508F642BA8606C0099BD44 /* TheoryView.swift */,
				946DE4BA2BD423A200E4D66E /* TheoryViewModel.swift */,
				94B7CE3F2BE8A6860044DEB7 /* DetailView.swift */,
			);
			path = Theory;
			sourceTree = "<group>";
		};
		946224C32BBAC8FB00B5BCA4 /* SubView */ = {
			isa = PBXGroup;
			children = (
				946224C62BBAC96300B5BCA4 /* CalendarView.swift */,
			);
			path = SubView;
			sourceTree = "<group>";
		};
		946BE5FA2B79D71900EE3869 = {
			isa = PBXGroup;
			children = (
				94D137692BADBDB900C0337C /* WorkoutCell.swift */,
				946BE6052B79D71900EE3869 /* Posturato */,
				946BE6042B79D71900EE3869 /* Products */,
			);
			sourceTree = "<group>";
		};
		946BE6042B79D71900EE3869 /* Products */ = {
			isa = PBXGroup;
			children = (
				946BE6032B79D71900EE3869 /* Posturato.app */,
			);
			name = Products;
			sourceTree = "<group>";
		};
		946BE6052B79D71900EE3869 /* Posturato */ = {
			isa = PBXGroup;
			children = (
				941261F02B8A312600361141 /* Supporting Files */,
				941261ED2B8A30F000361141 /* Services */,
				941261F52B8A31C700361141 /* ViewControllers */,
				94F1E9CA2B7B475900AE611C /* Models */,
				94F1E9C92B7B457A00AE611C /* Views */,
				946BE6062B79D71900EE3869 /* PosturatoApp.swift */,
				946BE6082B79D71900EE3869 /* ContentView.swift */,
				946BE60C2B79D71900EE3869 /* Posturato.entitlements */,
				941261EF2B8A311200361141 /* Resourses */,
				946BE60D2B79D71900EE3869 /* Preview Content */,
			);
			path = Posturato;
			sourceTree = "<group>";
		};
		946BE60D2B79D71900EE3869 /* Preview Content */ = {
			isa = PBXGroup;
			children = (
				946BE60E2B79D71900EE3869 /* Preview Assets.xcassets */,
			);
			path = "Preview Content";
			sourceTree = "<group>";
		};
		94A7553E2BBAB3E500322C09 /* ProgressScreen */ = {
			isa = PBXGroup;
			children = (
				946224C32BBAC8FB00B5BCA4 /* SubView */,
				94A7553F2BBAB3FF00322C09 /* ProgressView.swift */,
			);
			path = ProgressScreen;
			sourceTree = "<group>";
		};
		94B7CE3E2BE8A4F50044DEB7 /* Theory View */ = {
			isa = PBXGroup;
			children = (
				94B7CE462BE8ABC90044DEB7 /* TheoryModel.swift */,
			);
			path = "Theory View";
			sourceTree = "<group>";
		};
		94B7CE412BE8A8290044DEB7 /* SubView */ = {
			isa = PBXGroup;
			children = (
				94B7CE422BE8AA310044DEB7 /* Section.swift */,
				94B7CE442BE8AB7E0044DEB7 /* Cell.swift */,
			);
			path = SubView;
			sourceTree = "<group>";
		};
		94CAAB782BC2C626006D2926 /* Settings */ = {
			isa = PBXGroup;
			children = (
				94FE64962BC40B0100F12069 /* NotificationsView.swift */,
				94FE64982BC40B0600F12069 /* NotificationsViewModel.swift */,
				94CAAB7C2BC3CE58006D2926 /* LanguageView.swift */,
				94FE649A2BC40B3200F12069 /* LanguageViewModel.swift */,
			);
			path = Settings;
			sourceTree = "<group>";
		};
		94CAAB792BC2C62B006D2926 /* Support */ = {
			isa = PBXGroup;
			children = (
				94FE649C2BC40BA200F12069 /* FrequentlyAskedQuestionsView.swift */,
				94FE649E2BC40BCB00F12069 /* FrequentlyAskedQuestionsViewModel.swift */,
				94CAAB6D2BC2C319006D2926 /* TermsOfUseView.swift */,
				94CAAB6B2BC2C2F4006D2926 /* TermsOfUseViewModel.swift */,
				94CAAB712BC2C348006D2926 /* PrivacyPolicyView.swift */,
				94CAAB6F2BC2C33B006D2926 /* PrivacyPolicyViewModel.swift */,
				94CAAB752BC2C5B7006D2926 /* ContactSupportView.swift */,
				94CAAB732BC2C5A6006D2926 /* ContactSupportViewModel.swift */,
			);
			path = Support;
			sourceTree = "<group>";
		};
		94CAAB8A2BC4091D006D2926 /* Account */ = {
			isa = PBXGroup;
			children = (
				94CAAB8B2BC40927006D2926 /* ProfileView.swift */,
				94FE64942BC40ACA00F12069 /* ProfileViewModel.swift */,
				94FE64902BC40AA200F12069 /* SubscriptionView.swift */,
				94FE64922BC40AA600F12069 /* SubscriptionViewModel.swift */,
			);
			path = Account;
			sourceTree = "<group>";
		};
		94D0CAAD2BA2EDF6007CC822 /* SettingsScreen */ = {
			isa = PBXGroup;
			children = (
				94D0CAB42BA2F4F9007CC822 /* Components */,
				94D0CAAB2BA2EC3D007CC822 /* SettingsView.swift */,
				941262012B8A325600361141 /* SettingsViewModel.swift */,
			);
			path = SettingsScreen;
			sourceTree = "<group>";
		};
		94D0CAB42BA2F4F9007CC822 /* Components */ = {
			isa = PBXGroup;
			children = (
				94CAAB8A2BC4091D006D2926 /* Account */,
				94CAAB782BC2C626006D2926 /* Settings */,
				94CAAB792BC2C62B006D2926 /* Support */,
				94D0CAB02BA2F0AF007CC822 /* CustomSettingButton.swift */,
				94CAAB7A2BC2CB61006D2926 /* SecurityView.swift */,
			);
			path = Components;
			sourceTree = "<group>";
		};
		94F1E9C92B7B457A00AE611C /* Views */ = {
			isa = PBXGroup;
			children = (
				94A7553E2BBAB3E500322C09 /* ProgressScreen */,
				9447CC2D2B971C5900AA35CA /* TrainingScreen */,
				944F81E82BBEDC880019627E /* Workout */,
				94D0CAAD2BA2EDF6007CC822 /* SettingsScreen */,
				94508F632BA860370099BD44 /* Theory */,
				941261FD2B8A321E00361141 /* CustomViews */,
				941893F12B8DED2900D0243A /* TabBar.swift */,
				9447CC312B971DD900AA35CA /* CustomNavigationBar.swift */,
			);
			path = Views;
			sourceTree = "<group>";
		};
		94F1E9CA2B7B475900AE611C /* Models */ = {
			isa = PBXGroup;
			children = (
				94B7CE3E2BE8A4F50044DEB7 /* Theory View */,
				941893F52B8DF18200D0243A /* TrainingModel.swift */,
				94D1375D2BADBB0500C0337C /* Exercise.swift */,
				94D1375F2BADBC0500C0337C /* Workout.swift */,
			);
			path = Models;
			sourceTree = "<group>";
		};
/* End PBXGroup section */

/* Begin PBXNativeTarget section */
		946BE6022B79D71900EE3869 /* Posturato */ = {
			isa = PBXNativeTarget;
			buildConfigurationList = 946BE6122B79D71900EE3869 /* Build configuration list for PBXNativeTarget "Posturato" */;
			buildPhases = (
				946BE5FF2B79D71900EE3869 /* Sources */,
				946BE6002B79D71900EE3869 /* Frameworks */,
				946BE6012B79D71900EE3869 /* Resources */,
			);
			buildRules = (
			);
			dependencies = (
			);
			name = Posturato;
			productName = Posturato;
			productReference = 946BE6032B79D71900EE3869 /* Posturato.app */;
			productType = "com.apple.product-type.application";
		};
/* End PBXNativeTarget section */

/* Begin PBXProject section */
		946BE5FB2B79D71900EE3869 /* Project object */ = {
			isa = PBXProject;
			attributes = {
				BuildIndependentTargetsInParallel = 1;
				LastSwiftUpdateCheck = 1520;
				LastUpgradeCheck = 1520;
				TargetAttributes = {
					946BE6022B79D71900EE3869 = {
						CreatedOnToolsVersion = 15.2;
					};
				};
			};
			buildConfigurationList = 946BE5FE2B79D71900EE3869 /* Build configuration list for PBXProject "Posturato" */;
			compatibilityVersion = "Xcode 14.0";
			developmentRegion = en;
			hasScannedForEncodings = 0;
			knownRegions = (
				en,
				Base,
			);
			mainGroup = 946BE5FA2B79D71900EE3869;
			productRefGroup = 946BE6042B79D71900EE3869 /* Products */;
			projectDirPath = "";
			projectRoot = "";
			targets = (
				946BE6022B79D71900EE3869 /* Posturato */,
			);
		};
/* End PBXProject section */

/* Begin PBXResourcesBuildPhase section */
		946BE6012B79D71900EE3869 /* Resources */ = {
			isa = PBXResourcesBuildPhase;
			buildActionMask = 2147483647;
			files = (
				946BE60F2B79D71900EE3869 /* Preview Assets.xcassets in Resources */,
				946BE60B2B79D71900EE3869 /* Assets.xcassets in Resources */,
			);
			runOnlyForDeploymentPostprocessing = 0;
		};
/* End PBXResourcesBuildPhase section */

/* Begin PBXSourcesBuildPhase section */
		946BE5FF2B79D71900EE3869 /* Sources */ = {
			isa = PBXSourcesBuildPhase;
			buildActionMask = 2147483647;
			files = (
				94CAAB7B2BC2CB61006D2926 /* SecurityView.swift in Sources */,
				9412620E2B8A331700361141 /* SceneDelegate.swift in Sources */,
				94B7CE332BE10B770044DEB7 /* WorkoutExerciseView.swift in Sources */,
				94D1376A2BADBDB900C0337C /* WorkoutCell.swift in Sources */,
				94CAAB662BC26329006D2926 /* RestView.swift in Sources */,
				94B7CE452BE8AB7E0044DEB7 /* Cell.swift in Sources */,
				94CAAB762BC2C5B7006D2926 /* ContactSupportView.swift in Sources */,
				94CAAB6E2BC2C319006D2926 /* TermsOfUseView.swift in Sources */,
				94B7CE472BE8ABC90044DEB7 /* TheoryModel.swift in Sources */,
				94FE649F2BC40BCB00F12069 /* FrequentlyAskedQuestionsViewModel.swift in Sources */,
				94CAAB6C2BC2C2F4006D2926 /* TermsOfUseViewModel.swift in Sources */,
				94CAAB742BC2C5A6006D2926 /* ContactSupportViewModel.swift in Sources */,
				941262002B8A324600361141 /* TrainingViewModel.swift in Sources */,
				9412620E2B8A331700361141 /* SceneDelegate.swift in Sources */,
				94B7CE432BE8AA310044DEB7 /* Section.swift in Sources */,
				94FE649D2BC40BA200F12069 /* FrequentlyAskedQuestionsView.swift in Sources */,
				94FE64932BC40AA600F12069 /* SubscriptionViewModel.swift in Sources */,
				941262002B8A324600361141 /* TrainingViewModel.swift in Sources */,
				94CAAB702BC2C33B006D2926 /* PrivacyPolicyViewModel.swift in Sources */,
				946BE6092B79D71900EE3869 /* ContentView.swift in Sources */,
				94A755402BBAB3FF00322C09 /* ProgressView.swift in Sources */,
				9412620C2B8A32EE00361141 /* CoreDataManage.swift in Sources */,
				94B7CE402BE8A6860044DEB7 /* DetailView.swift in Sources */,
				94D0CAAC2BA2EC3D007CC822 /* SettingsView.swift in Sources */,
				946BE6072B79D71900EE3869 /* PosturatoApp.swift in Sources */,
				94CAAB7D2BC3CE58006D2926 /* LanguageView.swift in Sources */,
				94FE64972BC40B0100F12069 /* NotificationsView.swift in Sources */,
				946BE6072B79D71900EE3869 /* PosturatoApp.swift in Sources */,
				94D1375E2BADBB0600C0337C /* Exercise.swift in Sources */,
				94FE64912BC40AA200F12069 /* SubscriptionView.swift in Sources */,
				941261F72B8A31E500361141 /* TabBarController.swift in Sources */,
				941262082B8A32D900361141 /* AuthService.swift in Sources */,
				941262022B8A325600361141 /* SettingsViewModel.swift in Sources */,
				94508F652BA8606C0099BD44 /* TheoryView.swift in Sources */,
				941893F62B8DF18200D0243A /* TrainingModel.swift in Sources */,
				941893F22B8DED2900D0243A /* TabBar.swift in Sources */,
				946224C72BBAC96300B5BCA4 /* CalendarView.swift in Sources */,
				94FE64952BC40ACA00F12069 /* ProfileViewModel.swift in Sources */,
				94D0CAB12BA2F0AF007CC822 /* CustomSettingButton.swift in Sources */,
				941261F22B8A314600361141 /* AppDelegate.swift in Sources */,
				941261F92B8A31F500361141 /* HomeViewController.swift in Sources */,
				94FE64992BC40B0600F12069 /* NotificationsViewModel.swift in Sources */,
				94CAAB682BC26CFC006D2926 /* RestViewModel.swift in Sources */,
				94B7CE312BE1018D0044DEB7 /* WorkoutViewModel.swift in Sources */,
				94B7CE3D2BE7DDA90044DEB7 /* WorkoutCardView.swift in Sources */,
				94FE649B2BC40B3200F12069 /* LanguageViewModel.swift in Sources */,
				94D137602BADBC0500C0337C /* Workout.swift in Sources */,
				941893F42B8DF10200D0243A /* TrainingView.swift in Sources */,
				94CAAB722BC2C348006D2926 /* PrivacyPolicyView.swift in Sources */,
				946DE4BB2BD423A200E4D66E /* TheoryViewModel.swift in Sources */,
				94D137642BADBD4900C0337C /* WorkoutDetailView.swift in Sources */,
				941893F42B8DF10200D0243A /* TrainingView.swift in Sources */,
				941261FB2B8A320400361141 /* SettingsViewController.swift in Sources */,
				94CAAB8C2BC40927006D2926 /* ProfileView.swift in Sources */,
				9412620A2B8A32E400361141 /* APIClient.swift in Sources */,
				9447CC322B971DD900AA35CA /* CustomNavigationBar.swift in Sources */,
				94D137682BADBD7300C0337C /* FinishWorkoutView.swift in Sources */,
			);
			runOnlyForDeploymentPostprocessing = 0;
		};
/* End PBXSourcesBuildPhase section */

/* Begin XCBuildConfiguration section */
		946BE6102B79D71900EE3869 /* Debug */ = {
			isa = XCBuildConfiguration;
			buildSettings = {
				ALWAYS_SEARCH_USER_PATHS = NO;
				ASSETCATALOG_COMPILER_GENERATE_SWIFT_ASSET_SYMBOL_EXTENSIONS = YES;
				CLANG_ANALYZER_NONNULL = YES;
				CLANG_ANALYZER_NUMBER_OBJECT_CONVERSION = YES_AGGRESSIVE;
				CLANG_CXX_LANGUAGE_STANDARD = "gnu++20";
				CLANG_ENABLE_MODULES = YES;
				CLANG_ENABLE_OBJC_ARC = YES;
				CLANG_ENABLE_OBJC_WEAK = YES;
				CLANG_WARN_BLOCK_CAPTURE_AUTORELEASING = YES;
				CLANG_WARN_BOOL_CONVERSION = YES;
				CLANG_WARN_COMMA = YES;
				CLANG_WARN_CONSTANT_CONVERSION = YES;
				CLANG_WARN_DEPRECATED_OBJC_IMPLEMENTATIONS = YES;
				CLANG_WARN_DIRECT_OBJC_ISA_USAGE = YES_ERROR;
				CLANG_WARN_DOCUMENTATION_COMMENTS = YES;
				CLANG_WARN_EMPTY_BODY = YES;
				CLANG_WARN_ENUM_CONVERSION = YES;
				CLANG_WARN_INFINITE_RECURSION = YES;
				CLANG_WARN_INT_CONVERSION = YES;
				CLANG_WARN_NON_LITERAL_NULL_CONVERSION = YES;
				CLANG_WARN_OBJC_IMPLICIT_RETAIN_SELF = YES;
				CLANG_WARN_OBJC_LITERAL_CONVERSION = YES;
				CLANG_WARN_OBJC_ROOT_CLASS = YES_ERROR;
				CLANG_WARN_QUOTED_INCLUDE_IN_FRAMEWORK_HEADER = YES;
				CLANG_WARN_RANGE_LOOP_ANALYSIS = YES;
				CLANG_WARN_STRICT_PROTOTYPES = YES;
				CLANG_WARN_SUSPICIOUS_MOVE = YES;
				CLANG_WARN_UNGUARDED_AVAILABILITY = YES_AGGRESSIVE;
				CLANG_WARN_UNREACHABLE_CODE = YES;
				CLANG_WARN__DUPLICATE_METHOD_MATCH = YES;
				COPY_PHASE_STRIP = NO;
				DEBUG_INFORMATION_FORMAT = dwarf;
				ENABLE_STRICT_OBJC_MSGSEND = YES;
				ENABLE_TESTABILITY = YES;
				ENABLE_USER_SCRIPT_SANDBOXING = YES;
				GCC_C_LANGUAGE_STANDARD = gnu17;
				GCC_DYNAMIC_NO_PIC = NO;
				GCC_NO_COMMON_BLOCKS = YES;
				GCC_OPTIMIZATION_LEVEL = 0;
				GCC_PREPROCESSOR_DEFINITIONS = (
					"DEBUG=1",
					"$(inherited)",
				);
				GCC_WARN_64_TO_32_BIT_CONVERSION = YES;
				GCC_WARN_ABOUT_RETURN_TYPE = YES_ERROR;
				GCC_WARN_UNDECLARED_SELECTOR = YES;
				GCC_WARN_UNINITIALIZED_AUTOS = YES_AGGRESSIVE;
				GCC_WARN_UNUSED_FUNCTION = YES;
				GCC_WARN_UNUSED_VARIABLE = YES;
				LOCALIZATION_PREFERS_STRING_CATALOGS = YES;
				MTL_ENABLE_DEBUG_INFO = INCLUDE_SOURCE;
				MTL_FAST_MATH = YES;
				ONLY_ACTIVE_ARCH = YES;
				SWIFT_ACTIVE_COMPILATION_CONDITIONS = "DEBUG $(inherited)";
				SWIFT_OPTIMIZATION_LEVEL = "-Onone";
			};
			name = Debug;
		};
		946BE6112B79D71900EE3869 /* Release */ = {
			isa = XCBuildConfiguration;
			buildSettings = {
				ALWAYS_SEARCH_USER_PATHS = NO;
				ASSETCATALOG_COMPILER_GENERATE_SWIFT_ASSET_SYMBOL_EXTENSIONS = YES;
				CLANG_ANALYZER_NONNULL = YES;
				CLANG_ANALYZER_NUMBER_OBJECT_CONVERSION = YES_AGGRESSIVE;
				CLANG_CXX_LANGUAGE_STANDARD = "gnu++20";
				CLANG_ENABLE_MODULES = YES;
				CLANG_ENABLE_OBJC_ARC = YES;
				CLANG_ENABLE_OBJC_WEAK = YES;
				CLANG_WARN_BLOCK_CAPTURE_AUTORELEASING = YES;
				CLANG_WARN_BOOL_CONVERSION = YES;
				CLANG_WARN_COMMA = YES;
				CLANG_WARN_CONSTANT_CONVERSION = YES;
				CLANG_WARN_DEPRECATED_OBJC_IMPLEMENTATIONS = YES;
				CLANG_WARN_DIRECT_OBJC_ISA_USAGE = YES_ERROR;
				CLANG_WARN_DOCUMENTATION_COMMENTS = YES;
				CLANG_WARN_EMPTY_BODY = YES;
				CLANG_WARN_ENUM_CONVERSION = YES;
				CLANG_WARN_INFINITE_RECURSION = YES;
				CLANG_WARN_INT_CONVERSION = YES;
				CLANG_WARN_NON_LITERAL_NULL_CONVERSION = YES;
				CLANG_WARN_OBJC_IMPLICIT_RETAIN_SELF = YES;
				CLANG_WARN_OBJC_LITERAL_CONVERSION = YES;
				CLANG_WARN_OBJC_ROOT_CLASS = YES_ERROR;
				CLANG_WARN_QUOTED_INCLUDE_IN_FRAMEWORK_HEADER = YES;
				CLANG_WARN_RANGE_LOOP_ANALYSIS = YES;
				CLANG_WARN_STRICT_PROTOTYPES = YES;
				CLANG_WARN_SUSPICIOUS_MOVE = YES;
				CLANG_WARN_UNGUARDED_AVAILABILITY = YES_AGGRESSIVE;
				CLANG_WARN_UNREACHABLE_CODE = YES;
				CLANG_WARN__DUPLICATE_METHOD_MATCH = YES;
				COPY_PHASE_STRIP = NO;
				DEBUG_INFORMATION_FORMAT = "dwarf-with-dsym";
				ENABLE_NS_ASSERTIONS = NO;
				ENABLE_STRICT_OBJC_MSGSEND = YES;
				ENABLE_USER_SCRIPT_SANDBOXING = YES;
				GCC_C_LANGUAGE_STANDARD = gnu17;
				GCC_NO_COMMON_BLOCKS = YES;
				GCC_WARN_64_TO_32_BIT_CONVERSION = YES;
				GCC_WARN_ABOUT_RETURN_TYPE = YES_ERROR;
				GCC_WARN_UNDECLARED_SELECTOR = YES;
				GCC_WARN_UNINITIALIZED_AUTOS = YES_AGGRESSIVE;
				GCC_WARN_UNUSED_FUNCTION = YES;
				GCC_WARN_UNUSED_VARIABLE = YES;
				LOCALIZATION_PREFERS_STRING_CATALOGS = YES;
				MTL_ENABLE_DEBUG_INFO = NO;
				MTL_FAST_MATH = YES;
				SWIFT_COMPILATION_MODE = wholemodule;
			};
			name = Release;
		};
		946BE6132B79D71900EE3869 /* Debug */ = {
			isa = XCBuildConfiguration;
			buildSettings = {
				ASSETCATALOG_COMPILER_APPICON_NAME = AppIcon;
				ASSETCATALOG_COMPILER_GLOBAL_ACCENT_COLOR_NAME = AccentColor;
				CODE_SIGN_ENTITLEMENTS = Posturato/Posturato.entitlements;
				CODE_SIGN_STYLE = Automatic;
				CURRENT_PROJECT_VERSION = 1;
				DEVELOPMENT_ASSET_PATHS = "\"Posturato/Preview Content\"";
				DEVELOPMENT_TEAM = 95TC3M7268;
				ENABLE_HARDENED_RUNTIME = YES;
				ENABLE_PREVIEWS = YES;
				GENERATE_INFOPLIST_FILE = YES;
				"INFOPLIST_KEY_UIApplicationSceneManifest_Generation[sdk=iphoneos*]" = YES;
				"INFOPLIST_KEY_UIApplicationSceneManifest_Generation[sdk=iphonesimulator*]" = YES;
				"INFOPLIST_KEY_UIApplicationSupportsIndirectInputEvents[sdk=iphoneos*]" = YES;
				"INFOPLIST_KEY_UIApplicationSupportsIndirectInputEvents[sdk=iphonesimulator*]" = YES;
				"INFOPLIST_KEY_UILaunchScreen_Generation[sdk=iphoneos*]" = YES;
				"INFOPLIST_KEY_UILaunchScreen_Generation[sdk=iphonesimulator*]" = YES;
				"INFOPLIST_KEY_UIStatusBarStyle[sdk=iphoneos*]" = UIStatusBarStyleDefault;
				"INFOPLIST_KEY_UIStatusBarStyle[sdk=iphonesimulator*]" = UIStatusBarStyleDefault;
				INFOPLIST_KEY_UISupportedInterfaceOrientations_iPad = "UIInterfaceOrientationPortrait UIInterfaceOrientationPortraitUpsideDown UIInterfaceOrientationLandscapeLeft UIInterfaceOrientationLandscapeRight";
				INFOPLIST_KEY_UISupportedInterfaceOrientations_iPhone = "UIInterfaceOrientationPortrait UIInterfaceOrientationLandscapeLeft UIInterfaceOrientationLandscapeRight";
				IPHONEOS_DEPLOYMENT_TARGET = 17.2;
				LD_RUNPATH_SEARCH_PATHS = "@executable_path/Frameworks";
				"LD_RUNPATH_SEARCH_PATHS[sdk=macosx*]" = "@executable_path/../Frameworks";
				MACOSX_DEPLOYMENT_TARGET = 14.2;
				MARKETING_VERSION = 1.0;
				PRODUCT_BUNDLE_IDENTIFIER = Ytsyy.Posturato;
				PRODUCT_NAME = "$(TARGET_NAME)";
				SDKROOT = auto;
				SUPPORTED_PLATFORMS = "iphoneos iphonesimulator macosx";
				SWIFT_EMIT_LOC_STRINGS = YES;
				SWIFT_VERSION = 5.0;
				TARGETED_DEVICE_FAMILY = "1,2";
			};
			name = Debug;
		};
		946BE6142B79D71900EE3869 /* Release */ = {
			isa = XCBuildConfiguration;
			buildSettings = {
				ASSETCATALOG_COMPILER_APPICON_NAME = AppIcon;
				ASSETCATALOG_COMPILER_GLOBAL_ACCENT_COLOR_NAME = AccentColor;
				CODE_SIGN_ENTITLEMENTS = Posturato/Posturato.entitlements;
				CODE_SIGN_STYLE = Automatic;
				CURRENT_PROJECT_VERSION = 1;
				DEVELOPMENT_ASSET_PATHS = "\"Posturato/Preview Content\"";
				DEVELOPMENT_TEAM = 95TC3M7268;
				ENABLE_HARDENED_RUNTIME = YES;
				ENABLE_PREVIEWS = YES;
				GENERATE_INFOPLIST_FILE = YES;
				"INFOPLIST_KEY_UIApplicationSceneManifest_Generation[sdk=iphoneos*]" = YES;
				"INFOPLIST_KEY_UIApplicationSceneManifest_Generation[sdk=iphonesimulator*]" = YES;
				"INFOPLIST_KEY_UIApplicationSupportsIndirectInputEvents[sdk=iphoneos*]" = YES;
				"INFOPLIST_KEY_UIApplicationSupportsIndirectInputEvents[sdk=iphonesimulator*]" = YES;
				"INFOPLIST_KEY_UILaunchScreen_Generation[sdk=iphoneos*]" = YES;
				"INFOPLIST_KEY_UILaunchScreen_Generation[sdk=iphonesimulator*]" = YES;
				"INFOPLIST_KEY_UIStatusBarStyle[sdk=iphoneos*]" = UIStatusBarStyleDefault;
				"INFOPLIST_KEY_UIStatusBarStyle[sdk=iphonesimulator*]" = UIStatusBarStyleDefault;
				INFOPLIST_KEY_UISupportedInterfaceOrientations_iPad = "UIInterfaceOrientationPortrait UIInterfaceOrientationPortraitUpsideDown UIInterfaceOrientationLandscapeLeft UIInterfaceOrientationLandscapeRight";
				INFOPLIST_KEY_UISupportedInterfaceOrientations_iPhone = "UIInterfaceOrientationPortrait UIInterfaceOrientationLandscapeLeft UIInterfaceOrientationLandscapeRight";
				IPHONEOS_DEPLOYMENT_TARGET = 17.2;
				LD_RUNPATH_SEARCH_PATHS = "@executable_path/Frameworks";
				"LD_RUNPATH_SEARCH_PATHS[sdk=macosx*]" = "@executable_path/../Frameworks";
				MACOSX_DEPLOYMENT_TARGET = 14.2;
				MARKETING_VERSION = 1.0;
				PRODUCT_BUNDLE_IDENTIFIER = Ytsyy.Posturato;
				PRODUCT_NAME = "$(TARGET_NAME)";
				SDKROOT = auto;
				SUPPORTED_PLATFORMS = "iphoneos iphonesimulator macosx";
				SWIFT_EMIT_LOC_STRINGS = YES;
				SWIFT_VERSION = 5.0;
				TARGETED_DEVICE_FAMILY = "1,2";
			};
			name = Release;
		};
/* End XCBuildConfiguration section */

/* Begin XCConfigurationList section */
		946BE5FE2B79D71900EE3869 /* Build configuration list for PBXProject "Posturato" */ = {
			isa = XCConfigurationList;
			buildConfigurations = (
				946BE6102B79D71900EE3869 /* Debug */,
				946BE6112B79D71900EE3869 /* Release */,
			);
			defaultConfigurationIsVisible = 0;
			defaultConfigurationName = Release;
		};
		946BE6122B79D71900EE3869 /* Build configuration list for PBXNativeTarget "Posturato" */ = {
			isa = XCConfigurationList;
			buildConfigurations = (
				946BE6132B79D71900EE3869 /* Debug */,
				946BE6142B79D71900EE3869 /* Release */,
			);
			defaultConfigurationIsVisible = 0;
			defaultConfigurationName = Release;
		};
/* End XCConfigurationList section */
	};
	rootObject = 946BE5FB2B79D71900EE3869 /* Project object */;
}
