// !$*UTF8*$!
{
	archiveVersion = 1;
	classes = {
	};
	objectVersion = 56;
	objects = {

/* Begin PBXBuildFile section */
		941261F22B8A314600361141 /* AppDelegate.swift in Sources */ = {isa = PBXBuildFile; fileRef = 941261F12B8A314600361141 /* AppDelegate.swift */; };
		941261F72B8A31E500361141 /* TabBarController.swift in Sources */ = {isa = PBXBuildFile; fileRef = 941261F62B8A31E500361141 /* TabBarController.swift */; };
		941261F92B8A31F500361141 /* HomeViewController.swift in Sources */ = {isa = PBXBuildFile; fileRef = 941261F82B8A31F500361141 /* HomeViewController.swift */; };
		941261FB2B8A320400361141 /* SettingsViewController.swift in Sources */ = {isa = PBXBuildFile; fileRef = 941261FA2B8A320400361141 /* SettingsViewController.swift */; };
		941262002B8A324600361141 /* TrainingViewModel.swift in Sources */ = {isa = PBXBuildFile; fileRef = 941261FF2B8A324600361141 /* TrainingViewModel.swift */; };
		941262022B8A325600361141 /* SettingsViewModel.swift in Sources */ = {isa = PBXBuildFile; fileRef = 941262012B8A325600361141 /* SettingsViewModel.swift */; };
		941262082B8A32D900361141 /* AuthService.swift in Sources */ = {isa = PBXBuildFile; fileRef = 941262072B8A32D900361141 /* AuthService.swift */; };
		9412620A2B8A32E400361141 /* APIClient.swift in Sources */ = {isa = PBXBuildFile; fileRef = 941262092B8A32E400361141 /* APIClient.swift */; };
		9412620C2B8A32EE00361141 /* CoreDataManage.swift in Sources */ = {isa = PBXBuildFile; fileRef = 9412620B2B8A32EE00361141 /* CoreDataManage.swift */; };
		9412620E2B8A331700361141 /* SceneDelegate.swift in Sources */ = {isa = PBXBuildFile; fileRef = 9412620D2B8A331700361141 /* SceneDelegate.swift */; };
		941893F22B8DED2900D0243A /* TabBar.swift in Sources */ = {isa = PBXBuildFile; fileRef = 941893F12B8DED2900D0243A /* TabBar.swift */; };
		941893F42B8DF10200D0243A /* TrainingView.swift in Sources */ = {isa = PBXBuildFile; fileRef = 941893F32B8DF10200D0243A /* TrainingView.swift */; };
		942F96B12BF883700027D220 /* RestCell.swift in Sources */ = {isa = PBXBuildFile; fileRef = 942F96B02BF883700027D220 /* RestCell.swift */; };
		94508F652BA8606C0099BD44 /* TheoryView.swift in Sources */ = {isa = PBXBuildFile; fileRef = 94508F642BA8606C0099BD44 /* TheoryView.swift */; };
		9450B9F42BF1F5FA0091ED9E /* PostureDisorder.swift in Sources */ = {isa = PBXBuildFile; fileRef = 9450B9F32BF1F5FA0091ED9E /* PostureDisorder.swift */; };
		9450B9F62BF1F67D0091ED9E /* HealthTip.swift in Sources */ = {isa = PBXBuildFile; fileRef = 9450B9F52BF1F67D0091ED9E /* HealthTip.swift */; };
		9450B9F82BF1F76D0091ED9E /* RiskFactor.swift in Sources */ = {isa = PBXBuildFile; fileRef = 9450B9F72BF1F76D0091ED9E /* RiskFactor.swift */; };
		9450B9FA2BF1F80A0091ED9E /* PostureBasiс.swift in Sources */ = {isa = PBXBuildFile; fileRef = 9450B9F92BF1F80A0091ED9E /* PostureBasiс.swift */; };
		946224C72BBAC96300B5BCA4 /* CalendarView.swift in Sources */ = {isa = PBXBuildFile; fileRef = 946224C62BBAC96300B5BCA4 /* CalendarView.swift */; };
		946BE6072B79D71900EE3869 /* PosturatoApp.swift in Sources */ = {isa = PBXBuildFile; fileRef = 946BE6062B79D71900EE3869 /* PosturatoApp.swift */; };
		946BE6092B79D71900EE3869 /* ContentView.swift in Sources */ = {isa = PBXBuildFile; fileRef = 946BE6082B79D71900EE3869 /* ContentView.swift */; };
		946BE60B2B79D71900EE3869 /* Assets.xcassets in Resources */ = {isa = PBXBuildFile; fileRef = 946BE60A2B79D71900EE3869 /* Assets.xcassets */; };
		946BE60F2B79D71900EE3869 /* Preview Assets.xcassets in Resources */ = {isa = PBXBuildFile; fileRef = 946BE60E2B79D71900EE3869 /* Preview Assets.xcassets */; };
		946CED142BF0EC3D009083BE /* SplashScreen.swift in Sources */ = {isa = PBXBuildFile; fileRef = 946CED132BF0EC3D009083BE /* SplashScreen.swift */; };
		946CED162BF0F045009083BE /* ContainerView.swift in Sources */ = {isa = PBXBuildFile; fileRef = 946CED152BF0F045009083BE /* ContainerView.swift */; };
		946DE4BB2BD423A200E4D66E /* TheoryViewModel.swift in Sources */ = {isa = PBXBuildFile; fileRef = 946DE4BA2BD423A200E4D66E /* TheoryViewModel.swift */; };
		94930F112C2AA063005B7DD4 /* GoogleService-Info.plist in Resources */ = {isa = PBXBuildFile; fileRef = 94930F102C2AA063005B7DD4 /* GoogleService-Info.plist */; };
		94930F142C2AA19F005B7DD4 /* FirebaseAnalytics in Frameworks */ = {isa = PBXBuildFile; productRef = 94930F132C2AA19F005B7DD4 /* FirebaseAnalytics */; };
		94930F162C2AA19F005B7DD4 /* FirebaseAnalyticsOnDeviceConversion in Frameworks */ = {isa = PBXBuildFile; productRef = 94930F152C2AA19F005B7DD4 /* FirebaseAnalyticsOnDeviceConversion */; };
		94930F182C2AA19F005B7DD4 /* FirebaseAnalyticsSwift in Frameworks */ = {isa = PBXBuildFile; productRef = 94930F172C2AA19F005B7DD4 /* FirebaseAnalyticsSwift */; };
		94930F1A2C2AA19F005B7DD4 /* FirebaseAnalyticsWithoutAdIdSupport in Frameworks */ = {isa = PBXBuildFile; productRef = 94930F192C2AA19F005B7DD4 /* FirebaseAnalyticsWithoutAdIdSupport */; };
		94930F1C2C2AA19F005B7DD4 /* FirebaseAppCheck in Frameworks */ = {isa = PBXBuildFile; productRef = 94930F1B2C2AA19F005B7DD4 /* FirebaseAppCheck */; };
		94930F1E2C2AA19F005B7DD4 /* FirebaseAppDistribution-Beta in Frameworks */ = {isa = PBXBuildFile; productRef = 94930F1D2C2AA19F005B7DD4 /* FirebaseAppDistribution-Beta */; };
		94930F202C2AA19F005B7DD4 /* FirebaseAuth in Frameworks */ = {isa = PBXBuildFile; productRef = 94930F1F2C2AA19F005B7DD4 /* FirebaseAuth */; };
		94930F222C2AA19F005B7DD4 /* FirebaseAuthCombine-Community in Frameworks */ = {isa = PBXBuildFile; productRef = 94930F212C2AA19F005B7DD4 /* FirebaseAuthCombine-Community */; };
		94930F242C2AA19F005B7DD4 /* FirebaseCrashlytics in Frameworks */ = {isa = PBXBuildFile; productRef = 94930F232C2AA19F005B7DD4 /* FirebaseCrashlytics */; };
		94930F262C2AA19F005B7DD4 /* FirebaseDatabase in Frameworks */ = {isa = PBXBuildFile; productRef = 94930F252C2AA19F005B7DD4 /* FirebaseDatabase */; };
		94930F282C2AA19F005B7DD4 /* FirebaseDatabaseSwift in Frameworks */ = {isa = PBXBuildFile; productRef = 94930F272C2AA19F005B7DD4 /* FirebaseDatabaseSwift */; };
		94930F2A2C2AA19F005B7DD4 /* FirebaseDynamicLinks in Frameworks */ = {isa = PBXBuildFile; productRef = 94930F292C2AA19F005B7DD4 /* FirebaseDynamicLinks */; };
		94930F2C2C2AA19F005B7DD4 /* FirebaseFirestore in Frameworks */ = {isa = PBXBuildFile; productRef = 94930F2B2C2AA19F005B7DD4 /* FirebaseFirestore */; };
		94930F2E2C2AA19F005B7DD4 /* FirebaseFirestoreCombine-Community in Frameworks */ = {isa = PBXBuildFile; productRef = 94930F2D2C2AA19F005B7DD4 /* FirebaseFirestoreCombine-Community */; };
		94930F302C2AA19F005B7DD4 /* FirebaseFirestoreSwift in Frameworks */ = {isa = PBXBuildFile; productRef = 94930F2F2C2AA19F005B7DD4 /* FirebaseFirestoreSwift */; };
		94930F322C2AA19F005B7DD4 /* FirebaseFunctions in Frameworks */ = {isa = PBXBuildFile; productRef = 94930F312C2AA19F005B7DD4 /* FirebaseFunctions */; };
		94930F342C2AA19F005B7DD4 /* FirebaseFunctionsCombine-Community in Frameworks */ = {isa = PBXBuildFile; productRef = 94930F332C2AA19F005B7DD4 /* FirebaseFunctionsCombine-Community */; };
		94930F362C2AA19F005B7DD4 /* FirebaseInAppMessaging-Beta in Frameworks */ = {isa = PBXBuildFile; productRef = 94930F352C2AA19F005B7DD4 /* FirebaseInAppMessaging-Beta */; };
		94930F382C2AA19F005B7DD4 /* FirebaseInAppMessagingSwift-Beta in Frameworks */ = {isa = PBXBuildFile; productRef = 94930F372C2AA19F005B7DD4 /* FirebaseInAppMessagingSwift-Beta */; };
		94930F3A2C2AA19F005B7DD4 /* FirebaseInstallations in Frameworks */ = {isa = PBXBuildFile; productRef = 94930F392C2AA19F005B7DD4 /* FirebaseInstallations */; };
		94930F3C2C2AA19F005B7DD4 /* FirebaseMLModelDownloader in Frameworks */ = {isa = PBXBuildFile; productRef = 94930F3B2C2AA19F005B7DD4 /* FirebaseMLModelDownloader */; };
		94930F3E2C2AA19F005B7DD4 /* FirebaseMessaging in Frameworks */ = {isa = PBXBuildFile; productRef = 94930F3D2C2AA19F005B7DD4 /* FirebaseMessaging */; };
		94930F402C2AA19F005B7DD4 /* FirebasePerformance in Frameworks */ = {isa = PBXBuildFile; productRef = 94930F3F2C2AA19F005B7DD4 /* FirebasePerformance */; };
		94930F422C2AA19F005B7DD4 /* FirebaseRemoteConfig in Frameworks */ = {isa = PBXBuildFile; productRef = 94930F412C2AA19F005B7DD4 /* FirebaseRemoteConfig */; };
		94930F442C2AA19F005B7DD4 /* FirebaseRemoteConfigSwift in Frameworks */ = {isa = PBXBuildFile; productRef = 94930F432C2AA19F005B7DD4 /* FirebaseRemoteConfigSwift */; };
		94930F462C2AA19F005B7DD4 /* FirebaseStorage in Frameworks */ = {isa = PBXBuildFile; productRef = 94930F452C2AA19F005B7DD4 /* FirebaseStorage */; };
		94930F482C2AA19F005B7DD4 /* FirebaseStorageCombine-Community in Frameworks */ = {isa = PBXBuildFile; productRef = 94930F472C2AA19F005B7DD4 /* FirebaseStorageCombine-Community */; };
		94930F4A2C2AA19F005B7DD4 /* FirebaseVertexAI-Preview in Frameworks */ = {isa = PBXBuildFile; productRef = 94930F492C2AA19F005B7DD4 /* FirebaseVertexAI-Preview */; };
		94A755402BBAB3FF00322C09 /* ProgressView.swift in Sources */ = {isa = PBXBuildFile; fileRef = 94A7553F2BBAB3FF00322C09 /* ProgressView.swift */; };
		94B7CE312BE1018D0044DEB7 /* WorkoutViewModel.swift in Sources */ = {isa = PBXBuildFile; fileRef = 94B7CE302BE1018D0044DEB7 /* WorkoutViewModel.swift */; };
		94B7CE332BE10B770044DEB7 /* WorkoutExerciseView.swift in Sources */ = {isa = PBXBuildFile; fileRef = 94B7CE322BE10B770044DEB7 /* WorkoutExerciseView.swift */; };
		94B7CE3D2BE7DDA90044DEB7 /* WorkoutCardView.swift in Sources */ = {isa = PBXBuildFile; fileRef = 94B7CE3C2BE7DDA90044DEB7 /* WorkoutCardView.swift */; };
		94B7CE402BE8A6860044DEB7 /* DetailView.swift in Sources */ = {isa = PBXBuildFile; fileRef = 94B7CE3F2BE8A6860044DEB7 /* DetailView.swift */; };
		94B7CE432BE8AA310044DEB7 /* Section.swift in Sources */ = {isa = PBXBuildFile; fileRef = 94B7CE422BE8AA310044DEB7 /* Section.swift */; };
		94B7CE452BE8AB7E0044DEB7 /* Cell.swift in Sources */ = {isa = PBXBuildFile; fileRef = 94B7CE442BE8AB7E0044DEB7 /* Cell.swift */; };
		94B7CE472BE8ABC90044DEB7 /* TheoryModel.swift in Sources */ = {isa = PBXBuildFile; fileRef = 94B7CE462BE8ABC90044DEB7 /* TheoryModel.swift */; };
		94CAAB662BC26329006D2926 /* RestView.swift in Sources */ = {isa = PBXBuildFile; fileRef = 94CAAB652BC26329006D2926 /* RestView.swift */; };
		94CAAB682BC26CFC006D2926 /* RestViewModel.swift in Sources */ = {isa = PBXBuildFile; fileRef = 94CAAB672BC26CFC006D2926 /* RestViewModel.swift */; };
		94D0CAAC2BA2EC3D007CC822 /* SettingsView.swift in Sources */ = {isa = PBXBuildFile; fileRef = 94D0CAAB2BA2EC3D007CC822 /* SettingsView.swift */; };
		94D1375E2BADBB0600C0337C /* Exercise.swift in Sources */ = {isa = PBXBuildFile; fileRef = 94D1375D2BADBB0500C0337C /* Exercise.swift */; };
		94D137602BADBC0500C0337C /* Workout.swift in Sources */ = {isa = PBXBuildFile; fileRef = 94D1375F2BADBC0500C0337C /* Workout.swift */; };
		94D137642BADBD4900C0337C /* WorkoutDetailView.swift in Sources */ = {isa = PBXBuildFile; fileRef = 94D137632BADBD4900C0337C /* WorkoutDetailView.swift */; };
		94D137682BADBD7300C0337C /* FinishView.swift in Sources */ = {isa = PBXBuildFile; fileRef = 94D137672BADBD7300C0337C /* FinishView.swift */; };
		94E269A62BF34A5700B5F154 /* Profile.swift in Sources */ = {isa = PBXBuildFile; fileRef = 94E269A52BF34A5700B5F154 /* Profile.swift */; };
		94E269A82BF34AC500B5F154 /* Subscription.swift in Sources */ = {isa = PBXBuildFile; fileRef = 94E269A72BF34AC500B5F154 /* Subscription.swift */; };
		94E269AB2BF3516500B5F154 /* Notifications.swift in Sources */ = {isa = PBXBuildFile; fileRef = 94E269AA2BF3516500B5F154 /* Notifications.swift */; };
		94E269AD2BF3518200B5F154 /* Language.swift in Sources */ = {isa = PBXBuildFile; fileRef = 94E269AC2BF3518200B5F154 /* Language.swift */; };
		94E269B02BF351C700B5F154 /* FAQ.swift in Sources */ = {isa = PBXBuildFile; fileRef = 94E269AF2BF351C700B5F154 /* FAQ.swift */; };
		94E269B22BF351DD00B5F154 /* ContactSupport.swift in Sources */ = {isa = PBXBuildFile; fileRef = 94E269B12BF351DD00B5F154 /* ContactSupport.swift */; };
		94E269B42BF351FD00B5F154 /* TermsOfUse.swift in Sources */ = {isa = PBXBuildFile; fileRef = 94E269B32BF351FD00B5F154 /* TermsOfUse.swift */; };
		94E269B62BF3521900B5F154 /* PrivacyPolicy.swift in Sources */ = {isa = PBXBuildFile; fileRef = 94E269B52BF3521900B5F154 /* PrivacyPolicy.swift */; };
		94E269B82BF35B4200B5F154 /* ProgressWorkoutCell.swift in Sources */ = {isa = PBXBuildFile; fileRef = 94E269B72BF35B4200B5F154 /* ProgressWorkoutCell.swift */; };
		94ED03AD2BEBE118001008C0 /* WorkoutView.swift in Sources */ = {isa = PBXBuildFile; fileRef = 94ED03AC2BEBE118001008C0 /* WorkoutView.swift */; };
/* End PBXBuildFile section */

/* Begin PBXFileReference section */
		941261F12B8A314600361141 /* AppDelegate.swift */ = {isa = PBXFileReference; lastKnownFileType = sourcecode.swift; path = AppDelegate.swift; sourceTree = "<group>"; };
		941261F62B8A31E500361141 /* TabBarController.swift */ = {isa = PBXFileReference; lastKnownFileType = sourcecode.swift; path = TabBarController.swift; sourceTree = "<group>"; };
		941261F82B8A31F500361141 /* HomeViewController.swift */ = {isa = PBXFileReference; lastKnownFileType = sourcecode.swift; path = HomeViewController.swift; sourceTree = "<group>"; };
		941261FA2B8A320400361141 /* SettingsViewController.swift */ = {isa = PBXFileReference; lastKnownFileType = sourcecode.swift; path = SettingsViewController.swift; sourceTree = "<group>"; };
		941261FF2B8A324600361141 /* TrainingViewModel.swift */ = {isa = PBXFileReference; lastKnownFileType = sourcecode.swift; path = TrainingViewModel.swift; sourceTree = "<group>"; };
		941262012B8A325600361141 /* SettingsViewModel.swift */ = {isa = PBXFileReference; lastKnownFileType = sourcecode.swift; path = SettingsViewModel.swift; sourceTree = "<group>"; };
		941262072B8A32D900361141 /* AuthService.swift */ = {isa = PBXFileReference; lastKnownFileType = sourcecode.swift; path = AuthService.swift; sourceTree = "<group>"; };
		941262092B8A32E400361141 /* APIClient.swift */ = {isa = PBXFileReference; lastKnownFileType = sourcecode.swift; path = APIClient.swift; sourceTree = "<group>"; };
		9412620B2B8A32EE00361141 /* CoreDataManage.swift */ = {isa = PBXFileReference; lastKnownFileType = sourcecode.swift; path = CoreDataManage.swift; sourceTree = "<group>"; };
		9412620D2B8A331700361141 /* SceneDelegate.swift */ = {isa = PBXFileReference; lastKnownFileType = sourcecode.swift; path = SceneDelegate.swift; sourceTree = "<group>"; };
		941893F12B8DED2900D0243A /* TabBar.swift */ = {isa = PBXFileReference; lastKnownFileType = sourcecode.swift; path = TabBar.swift; sourceTree = "<group>"; };
		941893F32B8DF10200D0243A /* TrainingView.swift */ = {isa = PBXFileReference; lastKnownFileType = sourcecode.swift; path = TrainingView.swift; sourceTree = "<group>"; };
		942F96B02BF883700027D220 /* RestCell.swift */ = {isa = PBXFileReference; lastKnownFileType = sourcecode.swift; path = RestCell.swift; sourceTree = "<group>"; };
		94508F642BA8606C0099BD44 /* TheoryView.swift */ = {isa = PBXFileReference; lastKnownFileType = sourcecode.swift; path = TheoryView.swift; sourceTree = "<group>"; };
		9450B9F32BF1F5FA0091ED9E /* PostureDisorder.swift */ = {isa = PBXFileReference; lastKnownFileType = sourcecode.swift; path = PostureDisorder.swift; sourceTree = "<group>"; };
		9450B9F52BF1F67D0091ED9E /* HealthTip.swift */ = {isa = PBXFileReference; lastKnownFileType = sourcecode.swift; path = HealthTip.swift; sourceTree = "<group>"; };
		9450B9F72BF1F76D0091ED9E /* RiskFactor.swift */ = {isa = PBXFileReference; lastKnownFileType = sourcecode.swift; path = RiskFactor.swift; sourceTree = "<group>"; };
		9450B9F92BF1F80A0091ED9E /* PostureBasiс.swift */ = {isa = PBXFileReference; lastKnownFileType = sourcecode.swift; path = "PostureBasiс.swift"; sourceTree = "<group>"; };
		946224C62BBAC96300B5BCA4 /* CalendarView.swift */ = {isa = PBXFileReference; lastKnownFileType = sourcecode.swift; path = CalendarView.swift; sourceTree = "<group>"; };
		946BE6032B79D71900EE3869 /* Posturato.app */ = {isa = PBXFileReference; explicitFileType = wrapper.application; includeInIndex = 0; path = Posturato.app; sourceTree = BUILT_PRODUCTS_DIR; };
		946BE6062B79D71900EE3869 /* PosturatoApp.swift */ = {isa = PBXFileReference; lastKnownFileType = sourcecode.swift; path = PosturatoApp.swift; sourceTree = "<group>"; };
		946BE6082B79D71900EE3869 /* ContentView.swift */ = {isa = PBXFileReference; lastKnownFileType = sourcecode.swift; path = ContentView.swift; sourceTree = "<group>"; };
		946BE60A2B79D71900EE3869 /* Assets.xcassets */ = {isa = PBXFileReference; lastKnownFileType = folder.assetcatalog; path = Assets.xcassets; sourceTree = "<group>"; };
		946BE60C2B79D71900EE3869 /* Posturato.entitlements */ = {isa = PBXFileReference; lastKnownFileType = text.plist.entitlements; path = Posturato.entitlements; sourceTree = "<group>"; };
		946BE60E2B79D71900EE3869 /* Preview Assets.xcassets */ = {isa = PBXFileReference; lastKnownFileType = folder.assetcatalog; path = "Preview Assets.xcassets"; sourceTree = "<group>"; };
		946CED132BF0EC3D009083BE /* SplashScreen.swift */ = {isa = PBXFileReference; lastKnownFileType = sourcecode.swift; path = SplashScreen.swift; sourceTree = "<group>"; };
		946CED152BF0F045009083BE /* ContainerView.swift */ = {isa = PBXFileReference; lastKnownFileType = sourcecode.swift; path = ContainerView.swift; sourceTree = "<group>"; };
		946DE4BA2BD423A200E4D66E /* TheoryViewModel.swift */ = {isa = PBXFileReference; lastKnownFileType = sourcecode.swift; path = TheoryViewModel.swift; sourceTree = "<group>"; };
		94930F102C2AA063005B7DD4 /* GoogleService-Info.plist */ = {isa = PBXFileReference; fileEncoding = 4; lastKnownFileType = text.plist.xml; path = "GoogleService-Info.plist"; sourceTree = "<group>"; };
		94A7553F2BBAB3FF00322C09 /* ProgressView.swift */ = {isa = PBXFileReference; lastKnownFileType = sourcecode.swift; path = ProgressView.swift; sourceTree = "<group>"; };
		94B7CE302BE1018D0044DEB7 /* WorkoutViewModel.swift */ = {isa = PBXFileReference; lastKnownFileType = sourcecode.swift; path = WorkoutViewModel.swift; sourceTree = "<group>"; };
		94B7CE322BE10B770044DEB7 /* WorkoutExerciseView.swift */ = {isa = PBXFileReference; lastKnownFileType = sourcecode.swift; path = WorkoutExerciseView.swift; sourceTree = "<group>"; };
		94B7CE3C2BE7DDA90044DEB7 /* WorkoutCardView.swift */ = {isa = PBXFileReference; lastKnownFileType = sourcecode.swift; path = WorkoutCardView.swift; sourceTree = "<group>"; };
		94B7CE3F2BE8A6860044DEB7 /* DetailView.swift */ = {isa = PBXFileReference; lastKnownFileType = sourcecode.swift; path = DetailView.swift; sourceTree = "<group>"; };
		94B7CE422BE8AA310044DEB7 /* Section.swift */ = {isa = PBXFileReference; lastKnownFileType = sourcecode.swift; path = Section.swift; sourceTree = "<group>"; };
		94B7CE442BE8AB7E0044DEB7 /* Cell.swift */ = {isa = PBXFileReference; lastKnownFileType = sourcecode.swift; path = Cell.swift; sourceTree = "<group>"; };
		94B7CE462BE8ABC90044DEB7 /* TheoryModel.swift */ = {isa = PBXFileReference; lastKnownFileType = sourcecode.swift; path = TheoryModel.swift; sourceTree = "<group>"; };
		94CAAB652BC26329006D2926 /* RestView.swift */ = {isa = PBXFileReference; lastKnownFileType = sourcecode.swift; path = RestView.swift; sourceTree = "<group>"; };
		94CAAB672BC26CFC006D2926 /* RestViewModel.swift */ = {isa = PBXFileReference; lastKnownFileType = sourcecode.swift; path = RestViewModel.swift; sourceTree = "<group>"; };
		94D0CAAB2BA2EC3D007CC822 /* SettingsView.swift */ = {isa = PBXFileReference; lastKnownFileType = sourcecode.swift; path = SettingsView.swift; sourceTree = "<group>"; };
		94D1375D2BADBB0500C0337C /* Exercise.swift */ = {isa = PBXFileReference; lastKnownFileType = sourcecode.swift; path = Exercise.swift; sourceTree = "<group>"; };
		94D1375F2BADBC0500C0337C /* Workout.swift */ = {isa = PBXFileReference; lastKnownFileType = sourcecode.swift; path = Workout.swift; sourceTree = "<group>"; };
		94D137632BADBD4900C0337C /* WorkoutDetailView.swift */ = {isa = PBXFileReference; lastKnownFileType = sourcecode.swift; path = WorkoutDetailView.swift; sourceTree = "<group>"; };
		94D137672BADBD7300C0337C /* FinishView.swift */ = {isa = PBXFileReference; lastKnownFileType = sourcecode.swift; path = FinishView.swift; sourceTree = "<group>"; };
		94E269A52BF34A5700B5F154 /* Profile.swift */ = {isa = PBXFileReference; lastKnownFileType = sourcecode.swift; path = Profile.swift; sourceTree = "<group>"; };
		94E269A72BF34AC500B5F154 /* Subscription.swift */ = {isa = PBXFileReference; lastKnownFileType = sourcecode.swift; path = Subscription.swift; sourceTree = "<group>"; };
		94E269AA2BF3516500B5F154 /* Notifications.swift */ = {isa = PBXFileReference; lastKnownFileType = sourcecode.swift; path = Notifications.swift; sourceTree = "<group>"; };
		94E269AC2BF3518200B5F154 /* Language.swift */ = {isa = PBXFileReference; lastKnownFileType = sourcecode.swift; path = Language.swift; sourceTree = "<group>"; };
		94E269AF2BF351C700B5F154 /* FAQ.swift */ = {isa = PBXFileReference; lastKnownFileType = sourcecode.swift; path = FAQ.swift; sourceTree = "<group>"; };
		94E269B12BF351DD00B5F154 /* ContactSupport.swift */ = {isa = PBXFileReference; lastKnownFileType = sourcecode.swift; path = ContactSupport.swift; sourceTree = "<group>"; };
		94E269B32BF351FD00B5F154 /* TermsOfUse.swift */ = {isa = PBXFileReference; lastKnownFileType = sourcecode.swift; path = TermsOfUse.swift; sourceTree = "<group>"; };
		94E269B52BF3521900B5F154 /* PrivacyPolicy.swift */ = {isa = PBXFileReference; lastKnownFileType = sourcecode.swift; path = PrivacyPolicy.swift; sourceTree = "<group>"; };
		94E269B72BF35B4200B5F154 /* ProgressWorkoutCell.swift */ = {isa = PBXFileReference; lastKnownFileType = sourcecode.swift; path = ProgressWorkoutCell.swift; sourceTree = "<group>"; };
		94ED03AC2BEBE118001008C0 /* WorkoutView.swift */ = {isa = PBXFileReference; lastKnownFileType = sourcecode.swift; path = WorkoutView.swift; sourceTree = "<group>"; };
/* End PBXFileReference section */

/* Begin PBXFrameworksBuildPhase section */
		946BE6002B79D71900EE3869 /* Frameworks */ = {
			isa = PBXFrameworksBuildPhase;
			buildActionMask = 2147483647;
			files = (
				94930F262C2AA19F005B7DD4 /* FirebaseDatabase in Frameworks */,
				94930F342C2AA19F005B7DD4 /* FirebaseFunctionsCombine-Community in Frameworks */,
				94930F2C2C2AA19F005B7DD4 /* FirebaseFirestore in Frameworks */,
				94930F182C2AA19F005B7DD4 /* FirebaseAnalyticsSwift in Frameworks */,
				94930F142C2AA19F005B7DD4 /* FirebaseAnalytics in Frameworks */,
				94930F162C2AA19F005B7DD4 /* FirebaseAnalyticsOnDeviceConversion in Frameworks */,
				94930F3C2C2AA19F005B7DD4 /* FirebaseMLModelDownloader in Frameworks */,
				94930F302C2AA19F005B7DD4 /* FirebaseFirestoreSwift in Frameworks */,
				94930F1C2C2AA19F005B7DD4 /* FirebaseAppCheck in Frameworks */,
				94930F1A2C2AA19F005B7DD4 /* FirebaseAnalyticsWithoutAdIdSupport in Frameworks */,
				94930F202C2AA19F005B7DD4 /* FirebaseAuth in Frameworks */,
				94930F242C2AA19F005B7DD4 /* FirebaseCrashlytics in Frameworks */,
				94930F442C2AA19F005B7DD4 /* FirebaseRemoteConfigSwift in Frameworks */,
				94930F362C2AA19F005B7DD4 /* FirebaseInAppMessaging-Beta in Frameworks */,
				94930F282C2AA19F005B7DD4 /* FirebaseDatabaseSwift in Frameworks */,
				94930F322C2AA19F005B7DD4 /* FirebaseFunctions in Frameworks */,
				94930F482C2AA19F005B7DD4 /* FirebaseStorageCombine-Community in Frameworks */,
				94930F422C2AA19F005B7DD4 /* FirebaseRemoteConfig in Frameworks */,
				94930F1E2C2AA19F005B7DD4 /* FirebaseAppDistribution-Beta in Frameworks */,
				94930F222C2AA19F005B7DD4 /* FirebaseAuthCombine-Community in Frameworks */,
				94930F402C2AA19F005B7DD4 /* FirebasePerformance in Frameworks */,
				94930F382C2AA19F005B7DD4 /* FirebaseInAppMessagingSwift-Beta in Frameworks */,
				94930F462C2AA19F005B7DD4 /* FirebaseStorage in Frameworks */,
				94930F2A2C2AA19F005B7DD4 /* FirebaseDynamicLinks in Frameworks */,
				94930F4A2C2AA19F005B7DD4 /* FirebaseVertexAI-Preview in Frameworks */,
				94930F2E2C2AA19F005B7DD4 /* FirebaseFirestoreCombine-Community in Frameworks */,
				94930F3E2C2AA19F005B7DD4 /* FirebaseMessaging in Frameworks */,
				94930F3A2C2AA19F005B7DD4 /* FirebaseInstallations in Frameworks */,
			);
			runOnlyForDeploymentPostprocessing = 0;
		};
/* End PBXFrameworksBuildPhase section */

/* Begin PBXGroup section */
		941261ED2B8A30F000361141 /* Services */ = {
			isa = PBXGroup;
			children = (
				941262062B8A32CC00361141 /* OtherServices */,
				941262052B8A32AB00361141 /* Database */,
				941261F32B8A316C00361141 /* Network */,
			);
			path = Services;
			sourceTree = "<group>";
		};
		941261EF2B8A311200361141 /* Resources */ = {
			isa = PBXGroup;
			children = (
				946BE60A2B79D71900EE3869 /* Assets.xcassets */,
			);
			path = Resources;
			sourceTree = "<group>";
		};
		941261F02B8A312600361141 /* Supporting Files */ = {
			isa = PBXGroup;
			children = (
				941261F12B8A314600361141 /* AppDelegate.swift */,
				9412620D2B8A331700361141 /* SceneDelegate.swift */,
			);
			path = "Supporting Files";
			sourceTree = "<group>";
		};
		941261F32B8A316C00361141 /* Network */ = {
			isa = PBXGroup;
			children = (
				941262092B8A32E400361141 /* APIClient.swift */,
			);
			path = Network;
			sourceTree = "<group>";
		};
		941261F52B8A31C700361141 /* ViewControllers */ = {
			isa = PBXGroup;
			children = (
				941261F62B8A31E500361141 /* TabBarController.swift */,
				941261F82B8A31F500361141 /* HomeViewController.swift */,
				941261FA2B8A320400361141 /* SettingsViewController.swift */,
			);
			path = ViewControllers;
			sourceTree = "<group>";
		};
		941262052B8A32AB00361141 /* Database */ = {
			isa = PBXGroup;
			children = (
				9412620B2B8A32EE00361141 /* CoreDataManage.swift */,
			);
			path = Database;
			sourceTree = "<group>";
		};
		941262062B8A32CC00361141 /* OtherServices */ = {
			isa = PBXGroup;
			children = (
				941262072B8A32D900361141 /* AuthService.swift */,
			);
			path = OtherServices;
			sourceTree = "<group>";
		};
		942F96AF2BF8835E0027D220 /* Subview */ = {
			isa = PBXGroup;
			children = (
				942F96B02BF883700027D220 /* RestCell.swift */,
			);
			path = Subview;
			sourceTree = "<group>";
		};
		9440EF7B2BF0D937000A342F /* SubView */ = {
			isa = PBXGroup;
			children = (
				94B7CE3C2BE7DDA90044DEB7 /* WorkoutCardView.swift */,
			);
			path = SubView;
			sourceTree = "<group>";
		};
		9447CC2D2B971C5900AA35CA /* TrainingScreen */ = {
			isa = PBXGroup;
			children = (
				9440EF7B2BF0D937000A342F /* SubView */,
				941893F32B8DF10200D0243A /* TrainingView.swift */,
				941261FF2B8A324600361141 /* TrainingViewModel.swift */,
			);
			path = TrainingScreen;
			sourceTree = "<group>";
		};
		944F81E82BBEDC880019627E /* Workout */ = {
			isa = PBXGroup;
			children = (
				942F96AF2BF8835E0027D220 /* Subview */,
				94ED03AC2BEBE118001008C0 /* WorkoutView.swift */,
				94B7CE302BE1018D0044DEB7 /* WorkoutViewModel.swift */,
				94D137632BADBD4900C0337C /* WorkoutDetailView.swift */,
				94B7CE322BE10B770044DEB7 /* WorkoutExerciseView.swift */,
				94CAAB652BC26329006D2926 /* RestView.swift */,
				94CAAB672BC26CFC006D2926 /* RestViewModel.swift */,
				94D137672BADBD7300C0337C /* FinishView.swift */,
			);
			path = Workout;
			sourceTree = "<group>";
		};
		94508F632BA860370099BD44 /* Theory */ = {
			isa = PBXGroup;
			children = (
				94B7CE412BE8A8290044DEB7 /* SubView */,
				94508F642BA8606C0099BD44 /* TheoryView.swift */,
				946DE4BA2BD423A200E4D66E /* TheoryViewModel.swift */,
				94B7CE3F2BE8A6860044DEB7 /* DetailView.swift */,
			);
			path = Theory;
			sourceTree = "<group>";
		};
		946224C32BBAC8FB00B5BCA4 /* SubView */ = {
			isa = PBXGroup;
			children = (
				946224C62BBAC96300B5BCA4 /* CalendarView.swift */,
				94E269B72BF35B4200B5F154 /* ProgressWorkoutCell.swift */,
			);
			path = SubView;
			sourceTree = "<group>";
		};
		946BE5FA2B79D71900EE3869 = {
			isa = PBXGroup;
			children = (
				94930F102C2AA063005B7DD4 /* GoogleService-Info.plist */,
				946BE6052B79D71900EE3869 /* Posturato */,
				946BE6042B79D71900EE3869 /* Products */,
			);
			sourceTree = "<group>";
		};
		946BE6042B79D71900EE3869 /* Products */ = {
			isa = PBXGroup;
			children = (
				946BE6032B79D71900EE3869 /* Posturato.app */,
			);
			name = Products;
			sourceTree = "<group>";
		};
		946BE6052B79D71900EE3869 /* Posturato */ = {
			isa = PBXGroup;
			children = (
				941261F02B8A312600361141 /* Supporting Files */,
				941261ED2B8A30F000361141 /* Services */,
				941261F52B8A31C700361141 /* ViewControllers */,
				94F1E9CA2B7B475900AE611C /* Models */,
				94F1E9C92B7B457A00AE611C /* Views */,
				946BE6062B79D71900EE3869 /* PosturatoApp.swift */,
				946BE6082B79D71900EE3869 /* ContentView.swift */,
				946BE60C2B79D71900EE3869 /* Posturato.entitlements */,
				941261EF2B8A311200361141 /* Resources */,
				946BE60D2B79D71900EE3869 /* Preview Content */,
			);
			path = Posturato;
			sourceTree = "<group>";
		};
		946BE60D2B79D71900EE3869 /* Preview Content */ = {
			isa = PBXGroup;
			children = (
				946BE60E2B79D71900EE3869 /* Preview Assets.xcassets */,
			);
			path = "Preview Content";
			sourceTree = "<group>";
		};
		94A7553E2BBAB3E500322C09 /* ProgressScreen */ = {
			isa = PBXGroup;
			children = (
				946224C32BBAC8FB00B5BCA4 /* SubView */,
				94A7553F2BBAB3FF00322C09 /* ProgressView.swift */,
			);
			path = ProgressScreen;
			sourceTree = "<group>";
		};
		94B7CE3E2BE8A4F50044DEB7 /* Theory View */ = {
			isa = PBXGroup;
			children = (
				94B7CE462BE8ABC90044DEB7 /* TheoryModel.swift */,
				9450B9F32BF1F5FA0091ED9E /* PostureDisorder.swift */,
				9450B9F52BF1F67D0091ED9E /* HealthTip.swift */,
				9450B9F72BF1F76D0091ED9E /* RiskFactor.swift */,
				9450B9F92BF1F80A0091ED9E /* PostureBasiс.swift */,
			);
			path = "Theory View";
			sourceTree = "<group>";
		};
		94B7CE412BE8A8290044DEB7 /* SubView */ = {
			isa = PBXGroup;
			children = (
				94B7CE422BE8AA310044DEB7 /* Section.swift */,
				94B7CE442BE8AB7E0044DEB7 /* Cell.swift */,
			);
			path = SubView;
			sourceTree = "<group>";
		};
		94D0CAAD2BA2EDF6007CC822 /* SettingsScreen */ = {
			isa = PBXGroup;
			children = (
				94D0CAB42BA2F4F9007CC822 /* Components */,
				94D0CAAB2BA2EC3D007CC822 /* SettingsView.swift */,
				941262012B8A325600361141 /* SettingsViewModel.swift */,
			);
			path = SettingsScreen;
			sourceTree = "<group>";
		};
		94D0CAB42BA2F4F9007CC822 /* Components */ = {
			isa = PBXGroup;
			children = (
				94E269AE2BF351B200B5F154 /* Support */,
				94E269A92BF3515600B5F154 /* Preferences */,
				94E269A42BF34A1F00B5F154 /* Account */,
			);
			path = Components;
			sourceTree = "<group>";
		};
		94E269A42BF34A1F00B5F154 /* Account */ = {
			isa = PBXGroup;
			children = (
				94E269A52BF34A5700B5F154 /* Profile.swift */,
				94E269A72BF34AC500B5F154 /* Subscription.swift */,
			);
			path = Account;
			sourceTree = "<group>";
		};
		94E269A92BF3515600B5F154 /* Preferences */ = {
			isa = PBXGroup;
			children = (
				94E269AA2BF3516500B5F154 /* Notifications.swift */,
				94E269AC2BF3518200B5F154 /* Language.swift */,
			);
			path = Preferences;
			sourceTree = "<group>";
		};
		94E269AE2BF351B200B5F154 /* Support */ = {
			isa = PBXGroup;
			children = (
				94E269AF2BF351C700B5F154 /* FAQ.swift */,
				94E269B12BF351DD00B5F154 /* ContactSupport.swift */,
				94E269B32BF351FD00B5F154 /* TermsOfUse.swift */,
				94E269B52BF3521900B5F154 /* PrivacyPolicy.swift */,
			);
			path = Support;
			sourceTree = "<group>";
		};
		94F1E9C92B7B457A00AE611C /* Views */ = {
			isa = PBXGroup;
			children = (
				94A7553E2BBAB3E500322C09 /* ProgressScreen */,
				9447CC2D2B971C5900AA35CA /* TrainingScreen */,
				944F81E82BBEDC880019627E /* Workout */,
				94D0CAAD2BA2EDF6007CC822 /* SettingsScreen */,
				94508F632BA860370099BD44 /* Theory */,
				941893F12B8DED2900D0243A /* TabBar.swift */,
				946CED152BF0F045009083BE /* ContainerView.swift */,
				946CED132BF0EC3D009083BE /* SplashScreen.swift */,
			);
			path = Views;
			sourceTree = "<group>";
		};
		94F1E9CA2B7B475900AE611C /* Models */ = {
			isa = PBXGroup;
			children = (
				94B7CE3E2BE8A4F50044DEB7 /* Theory View */,
				94D1375D2BADBB0500C0337C /* Exercise.swift */,
				94D1375F2BADBC0500C0337C /* Workout.swift */,
			);
			path = Models;
			sourceTree = "<group>";
		};
/* End PBXGroup section */

/* Begin PBXNativeTarget section */
		946BE6022B79D71900EE3869 /* Posturato */ = {
			isa = PBXNativeTarget;
			buildConfigurationList = 946BE6122B79D71900EE3869 /* Build configuration list for PBXNativeTarget "Posturato" */;
			buildPhases = (
				946BE5FF2B79D71900EE3869 /* Sources */,
				946BE6002B79D71900EE3869 /* Frameworks */,
				946BE6012B79D71900EE3869 /* Resources */,
			);
			buildRules = (
			);
			dependencies = (
			);
			name = Posturato;
			packageProductDependencies = (
				94930F132C2AA19F005B7DD4 /* FirebaseAnalytics */,
				94930F152C2AA19F005B7DD4 /* FirebaseAnalyticsOnDeviceConversion */,
				94930F172C2AA19F005B7DD4 /* FirebaseAnalyticsSwift */,
				94930F192C2AA19F005B7DD4 /* FirebaseAnalyticsWithoutAdIdSupport */,
				94930F1B2C2AA19F005B7DD4 /* FirebaseAppCheck */,
				94930F1D2C2AA19F005B7DD4 /* FirebaseAppDistribution-Beta */,
				94930F1F2C2AA19F005B7DD4 /* FirebaseAuth */,
				94930F212C2AA19F005B7DD4 /* FirebaseAuthCombine-Community */,
				94930F232C2AA19F005B7DD4 /* FirebaseCrashlytics */,
				94930F252C2AA19F005B7DD4 /* FirebaseDatabase */,
				94930F272C2AA19F005B7DD4 /* FirebaseDatabaseSwift */,
				94930F292C2AA19F005B7DD4 /* FirebaseDynamicLinks */,
				94930F2B2C2AA19F005B7DD4 /* FirebaseFirestore */,
				94930F2D2C2AA19F005B7DD4 /* FirebaseFirestoreCombine-Community */,
				94930F2F2C2AA19F005B7DD4 /* FirebaseFirestoreSwift */,
				94930F312C2AA19F005B7DD4 /* FirebaseFunctions */,
				94930F332C2AA19F005B7DD4 /* FirebaseFunctionsCombine-Community */,
				94930F352C2AA19F005B7DD4 /* FirebaseInAppMessaging-Beta */,
				94930F372C2AA19F005B7DD4 /* FirebaseInAppMessagingSwift-Beta */,
				94930F392C2AA19F005B7DD4 /* FirebaseInstallations */,
				94930F3B2C2AA19F005B7DD4 /* FirebaseMLModelDownloader */,
				94930F3D2C2AA19F005B7DD4 /* FirebaseMessaging */,
				94930F3F2C2AA19F005B7DD4 /* FirebasePerformance */,
				94930F412C2AA19F005B7DD4 /* FirebaseRemoteConfig */,
				94930F432C2AA19F005B7DD4 /* FirebaseRemoteConfigSwift */,
				94930F452C2AA19F005B7DD4 /* FirebaseStorage */,
				94930F472C2AA19F005B7DD4 /* FirebaseStorageCombine-Community */,
				94930F492C2AA19F005B7DD4 /* FirebaseVertexAI-Preview */,
			);
			productName = Posturato;
			productReference = 946BE6032B79D71900EE3869 /* Posturato.app */;
			productType = "com.apple.product-type.application";
		};
/* End PBXNativeTarget section */

/* Begin PBXProject section */
		946BE5FB2B79D71900EE3869 /* Project object */ = {
			isa = PBXProject;
			attributes = {
				BuildIndependentTargetsInParallel = 1;
				LastSwiftUpdateCheck = 1520;
				LastUpgradeCheck = 1520;
				TargetAttributes = {
					946BE6022B79D71900EE3869 = {
						CreatedOnToolsVersion = 15.2;
					};
				};
			};
			buildConfigurationList = 946BE5FE2B79D71900EE3869 /* Build configuration list for PBXProject "Posturato" */;
			compatibilityVersion = "Xcode 14.0";
			developmentRegion = en;
			hasScannedForEncodings = 0;
			knownRegions = (
				en,
				Base,
			);
			mainGroup = 946BE5FA2B79D71900EE3869;
			packageReferences = (
				94930F122C2AA19F005B7DD4 /* XCRemoteSwiftPackageReference "firebase-ios-sdk" */,
			);
			productRefGroup = 946BE6042B79D71900EE3869 /* Products */;
			projectDirPath = "";
			projectRoot = "";
			targets = (
				946BE6022B79D71900EE3869 /* Posturato */,
			);
		};
/* End PBXProject section */

/* Begin PBXResourcesBuildPhase section */
		946BE6012B79D71900EE3869 /* Resources */ = {
			isa = PBXResourcesBuildPhase;
			buildActionMask = 2147483647;
			files = (
				946BE60F2B79D71900EE3869 /* Preview Assets.xcassets in Resources */,
				94930F112C2AA063005B7DD4 /* GoogleService-Info.plist in Resources */,
				946BE60B2B79D71900EE3869 /* Assets.xcassets in Resources */,
			);
			runOnlyForDeploymentPostprocessing = 0;
		};
/* End PBXResourcesBuildPhase section */

/* Begin PBXSourcesBuildPhase section */
		946BE5FF2B79D71900EE3869 /* Sources */ = {
			isa = PBXSourcesBuildPhase;
			buildActionMask = 2147483647;
			files = (
				9412620E2B8A331700361141 /* SceneDelegate.swift in Sources */,
				94E269AB2BF3516500B5F154 /* Notifications.swift in Sources */,
				94B7CE332BE10B770044DEB7 /* WorkoutExerciseView.swift in Sources */,
				94E269B42BF351FD00B5F154 /* TermsOfUse.swift in Sources */,
				94CAAB662BC26329006D2926 /* RestView.swift in Sources */,
				94E269A82BF34AC500B5F154 /* Subscription.swift in Sources */,
				94B7CE452BE8AB7E0044DEB7 /* Cell.swift in Sources */,
				94B7CE472BE8ABC90044DEB7 /* TheoryModel.swift in Sources */,
				9450B9F82BF1F76D0091ED9E /* RiskFactor.swift in Sources */,
				9450B9F62BF1F67D0091ED9E /* HealthTip.swift in Sources */,
				941262002B8A324600361141 /* TrainingViewModel.swift in Sources */,
				9412620E2B8A331700361141 /* SceneDelegate.swift in Sources */,
				9450B9F42BF1F5FA0091ED9E /* PostureDisorder.swift in Sources */,
				94B7CE432BE8AA310044DEB7 /* Section.swift in Sources */,
				9450B9FA2BF1F80A0091ED9E /* PostureBasiс.swift in Sources */,
				946CED142BF0EC3D009083BE /* SplashScreen.swift in Sources */,
				941262002B8A324600361141 /* TrainingViewModel.swift in Sources */,
				946BE6092B79D71900EE3869 /* ContentView.swift in Sources */,
				94E269A62BF34A5700B5F154 /* Profile.swift in Sources */,
				94A755402BBAB3FF00322C09 /* ProgressView.swift in Sources */,
				9412620C2B8A32EE00361141 /* CoreDataManage.swift in Sources */,
				94B7CE402BE8A6860044DEB7 /* DetailView.swift in Sources */,
				942F96B12BF883700027D220 /* RestCell.swift in Sources */,
				94D0CAAC2BA2EC3D007CC822 /* SettingsView.swift in Sources */,
				946BE6072B79D71900EE3869 /* PosturatoApp.swift in Sources */,
				94E269B82BF35B4200B5F154 /* ProgressWorkoutCell.swift in Sources */,
				94E269B62BF3521900B5F154 /* PrivacyPolicy.swift in Sources */,
				946BE6072B79D71900EE3869 /* PosturatoApp.swift in Sources */,
				94E269B02BF351C700B5F154 /* FAQ.swift in Sources */,
				94D1375E2BADBB0600C0337C /* Exercise.swift in Sources */,
				941261F72B8A31E500361141 /* TabBarController.swift in Sources */,
				946CED162BF0F045009083BE /* ContainerView.swift in Sources */,
				941262082B8A32D900361141 /* AuthService.swift in Sources */,
				941262022B8A325600361141 /* SettingsViewModel.swift in Sources */,
				94508F652BA8606C0099BD44 /* TheoryView.swift in Sources */,
				94E269B22BF351DD00B5F154 /* ContactSupport.swift in Sources */,
				941893F22B8DED2900D0243A /* TabBar.swift in Sources */,
				946224C72BBAC96300B5BCA4 /* CalendarView.swift in Sources */,
				941261F22B8A314600361141 /* AppDelegate.swift in Sources */,
				941261F92B8A31F500361141 /* HomeViewController.swift in Sources */,
				94CAAB682BC26CFC006D2926 /* RestViewModel.swift in Sources */,
				94B7CE312BE1018D0044DEB7 /* WorkoutViewModel.swift in Sources */,
				94B7CE3D2BE7DDA90044DEB7 /* WorkoutCardView.swift in Sources */,
				94D137602BADBC0500C0337C /* Workout.swift in Sources */,
				941893F42B8DF10200D0243A /* TrainingView.swift in Sources */,
				946DE4BB2BD423A200E4D66E /* TheoryViewModel.swift in Sources */,
				94D137642BADBD4900C0337C /* WorkoutDetailView.swift in Sources */,
				941893F42B8DF10200D0243A /* TrainingView.swift in Sources */,
				94ED03AD2BEBE118001008C0 /* WorkoutView.swift in Sources */,
				941261FB2B8A320400361141 /* SettingsViewController.swift in Sources */,
				94E269AD2BF3518200B5F154 /* Language.swift in Sources */,
				9412620A2B8A32E400361141 /* APIClient.swift in Sources */,
				94D137682BADBD7300C0337C /* FinishView.swift in Sources */,
			);
			runOnlyForDeploymentPostprocessing = 0;
		};
/* End PBXSourcesBuildPhase section */

/* Begin XCBuildConfiguration section */
		946BE6102B79D71900EE3869 /* Debug */ = {
			isa = XCBuildConfiguration;
			buildSettings = {
				ALWAYS_SEARCH_USER_PATHS = NO;
				ASSETCATALOG_COMPILER_GENERATE_SWIFT_ASSET_SYMBOL_EXTENSIONS = YES;
				CLANG_ANALYZER_NONNULL = YES;
				CLANG_ANALYZER_NUMBER_OBJECT_CONVERSION = YES_AGGRESSIVE;
				CLANG_CXX_LANGUAGE_STANDARD = "gnu++20";
				CLANG_ENABLE_MODULES = YES;
				CLANG_ENABLE_OBJC_ARC = YES;
				CLANG_ENABLE_OBJC_WEAK = YES;
				CLANG_WARN_BLOCK_CAPTURE_AUTORELEASING = YES;
				CLANG_WARN_BOOL_CONVERSION = YES;
				CLANG_WARN_COMMA = YES;
				CLANG_WARN_CONSTANT_CONVERSION = YES;
				CLANG_WARN_DEPRECATED_OBJC_IMPLEMENTATIONS = YES;
				CLANG_WARN_DIRECT_OBJC_ISA_USAGE = YES_ERROR;
				CLANG_WARN_DOCUMENTATION_COMMENTS = YES;
				CLANG_WARN_EMPTY_BODY = YES;
				CLANG_WARN_ENUM_CONVERSION = YES;
				CLANG_WARN_INFINITE_RECURSION = YES;
				CLANG_WARN_INT_CONVERSION = YES;
				CLANG_WARN_NON_LITERAL_NULL_CONVERSION = YES;
				CLANG_WARN_OBJC_IMPLICIT_RETAIN_SELF = YES;
				CLANG_WARN_OBJC_LITERAL_CONVERSION = YES;
				CLANG_WARN_OBJC_ROOT_CLASS = YES_ERROR;
				CLANG_WARN_QUOTED_INCLUDE_IN_FRAMEWORK_HEADER = YES;
				CLANG_WARN_RANGE_LOOP_ANALYSIS = YES;
				CLANG_WARN_STRICT_PROTOTYPES = YES;
				CLANG_WARN_SUSPICIOUS_MOVE = YES;
				CLANG_WARN_UNGUARDED_AVAILABILITY = YES_AGGRESSIVE;
				CLANG_WARN_UNREACHABLE_CODE = YES;
				CLANG_WARN__DUPLICATE_METHOD_MATCH = YES;
				COPY_PHASE_STRIP = NO;
				DEBUG_INFORMATION_FORMAT = dwarf;
				ENABLE_STRICT_OBJC_MSGSEND = YES;
				ENABLE_TESTABILITY = YES;
				ENABLE_USER_SCRIPT_SANDBOXING = YES;
				GCC_C_LANGUAGE_STANDARD = gnu17;
				GCC_DYNAMIC_NO_PIC = NO;
				GCC_NO_COMMON_BLOCKS = YES;
				GCC_OPTIMIZATION_LEVEL = 0;
				GCC_PREPROCESSOR_DEFINITIONS = (
					"DEBUG=1",
					"$(inherited)",
				);
				GCC_WARN_64_TO_32_BIT_CONVERSION = YES;
				GCC_WARN_ABOUT_RETURN_TYPE = YES_ERROR;
				GCC_WARN_UNDECLARED_SELECTOR = YES;
				GCC_WARN_UNINITIALIZED_AUTOS = YES_AGGRESSIVE;
				GCC_WARN_UNUSED_FUNCTION = YES;
				GCC_WARN_UNUSED_VARIABLE = YES;
				LOCALIZATION_PREFERS_STRING_CATALOGS = YES;
				MTL_ENABLE_DEBUG_INFO = INCLUDE_SOURCE;
				MTL_FAST_MATH = YES;
				ONLY_ACTIVE_ARCH = YES;
				SWIFT_ACTIVE_COMPILATION_CONDITIONS = "DEBUG $(inherited)";
				SWIFT_OPTIMIZATION_LEVEL = "-Onone";
			};
			name = Debug;
		};
		946BE6112B79D71900EE3869 /* Release */ = {
			isa = XCBuildConfiguration;
			buildSettings = {
				ALWAYS_SEARCH_USER_PATHS = NO;
				ASSETCATALOG_COMPILER_GENERATE_SWIFT_ASSET_SYMBOL_EXTENSIONS = YES;
				CLANG_ANALYZER_NONNULL = YES;
				CLANG_ANALYZER_NUMBER_OBJECT_CONVERSION = YES_AGGRESSIVE;
				CLANG_CXX_LANGUAGE_STANDARD = "gnu++20";
				CLANG_ENABLE_MODULES = YES;
				CLANG_ENABLE_OBJC_ARC = YES;
				CLANG_ENABLE_OBJC_WEAK = YES;
				CLANG_WARN_BLOCK_CAPTURE_AUTORELEASING = YES;
				CLANG_WARN_BOOL_CONVERSION = YES;
				CLANG_WARN_COMMA = YES;
				CLANG_WARN_CONSTANT_CONVERSION = YES;
				CLANG_WARN_DEPRECATED_OBJC_IMPLEMENTATIONS = YES;
				CLANG_WARN_DIRECT_OBJC_ISA_USAGE = YES_ERROR;
				CLANG_WARN_DOCUMENTATION_COMMENTS = YES;
				CLANG_WARN_EMPTY_BODY = YES;
				CLANG_WARN_ENUM_CONVERSION = YES;
				CLANG_WARN_INFINITE_RECURSION = YES;
				CLANG_WARN_INT_CONVERSION = YES;
				CLANG_WARN_NON_LITERAL_NULL_CONVERSION = YES;
				CLANG_WARN_OBJC_IMPLICIT_RETAIN_SELF = YES;
				CLANG_WARN_OBJC_LITERAL_CONVERSION = YES;
				CLANG_WARN_OBJC_ROOT_CLASS = YES_ERROR;
				CLANG_WARN_QUOTED_INCLUDE_IN_FRAMEWORK_HEADER = YES;
				CLANG_WARN_RANGE_LOOP_ANALYSIS = YES;
				CLANG_WARN_STRICT_PROTOTYPES = YES;
				CLANG_WARN_SUSPICIOUS_MOVE = YES;
				CLANG_WARN_UNGUARDED_AVAILABILITY = YES_AGGRESSIVE;
				CLANG_WARN_UNREACHABLE_CODE = YES;
				CLANG_WARN__DUPLICATE_METHOD_MATCH = YES;
				COPY_PHASE_STRIP = NO;
				DEBUG_INFORMATION_FORMAT = "dwarf-with-dsym";
				ENABLE_NS_ASSERTIONS = NO;
				ENABLE_STRICT_OBJC_MSGSEND = YES;
				ENABLE_USER_SCRIPT_SANDBOXING = YES;
				GCC_C_LANGUAGE_STANDARD = gnu17;
				GCC_NO_COMMON_BLOCKS = YES;
				GCC_WARN_64_TO_32_BIT_CONVERSION = YES;
				GCC_WARN_ABOUT_RETURN_TYPE = YES_ERROR;
				GCC_WARN_UNDECLARED_SELECTOR = YES;
				GCC_WARN_UNINITIALIZED_AUTOS = YES_AGGRESSIVE;
				GCC_WARN_UNUSED_FUNCTION = YES;
				GCC_WARN_UNUSED_VARIABLE = YES;
				LOCALIZATION_PREFERS_STRING_CATALOGS = YES;
				MTL_ENABLE_DEBUG_INFO = NO;
				MTL_FAST_MATH = YES;
				SWIFT_COMPILATION_MODE = wholemodule;
			};
			name = Release;
		};
		946BE6132B79D71900EE3869 /* Debug */ = {
			isa = XCBuildConfiguration;
			buildSettings = {
				ASSETCATALOG_COMPILER_APPICON_NAME = AppIcon;
				ASSETCATALOG_COMPILER_GLOBAL_ACCENT_COLOR_NAME = AccentColor;
				CODE_SIGN_ENTITLEMENTS = Posturato/Posturato.entitlements;
				CODE_SIGN_STYLE = Automatic;
				CURRENT_PROJECT_VERSION = 1;
				DEVELOPMENT_ASSET_PATHS = "\"Posturato/Preview Content\"";
				DEVELOPMENT_TEAM = 95TC3M7268;
				ENABLE_HARDENED_RUNTIME = YES;
				ENABLE_PREVIEWS = YES;
				GENERATE_INFOPLIST_FILE = YES;
				"INFOPLIST_KEY_UIApplicationSceneManifest_Generation[sdk=iphoneos*]" = YES;
				"INFOPLIST_KEY_UIApplicationSceneManifest_Generation[sdk=iphonesimulator*]" = YES;
				"INFOPLIST_KEY_UIApplicationSupportsIndirectInputEvents[sdk=iphoneos*]" = YES;
				"INFOPLIST_KEY_UIApplicationSupportsIndirectInputEvents[sdk=iphonesimulator*]" = YES;
				"INFOPLIST_KEY_UILaunchScreen_Generation[sdk=iphoneos*]" = YES;
				"INFOPLIST_KEY_UILaunchScreen_Generation[sdk=iphonesimulator*]" = YES;
				"INFOPLIST_KEY_UIStatusBarStyle[sdk=iphoneos*]" = UIStatusBarStyleDefault;
				"INFOPLIST_KEY_UIStatusBarStyle[sdk=iphonesimulator*]" = UIStatusBarStyleDefault;
				INFOPLIST_KEY_UISupportedInterfaceOrientations_iPad = "UIInterfaceOrientationPortrait UIInterfaceOrientationPortraitUpsideDown UIInterfaceOrientationLandscapeLeft UIInterfaceOrientationLandscapeRight";
				INFOPLIST_KEY_UISupportedInterfaceOrientations_iPhone = "UIInterfaceOrientationPortrait UIInterfaceOrientationLandscapeLeft UIInterfaceOrientationLandscapeRight";
				IPHONEOS_DEPLOYMENT_TARGET = 17.2;
				LD_RUNPATH_SEARCH_PATHS = "@executable_path/Frameworks";
				"LD_RUNPATH_SEARCH_PATHS[sdk=macosx*]" = "@executable_path/../Frameworks";
				MACOSX_DEPLOYMENT_TARGET = 14.2;
				MARKETING_VERSION = 1.0;
				PRODUCT_BUNDLE_IDENTIFIER = Ytsyy.Posturato;
				PRODUCT_NAME = "$(TARGET_NAME)";
				SDKROOT = auto;
				SUPPORTED_PLATFORMS = "iphoneos iphonesimulator macosx";
				SWIFT_EMIT_LOC_STRINGS = YES;
				SWIFT_VERSION = 5.0;
				TARGETED_DEVICE_FAMILY = "1,2";
			};
			name = Debug;
		};
		946BE6142B79D71900EE3869 /* Release */ = {
			isa = XCBuildConfiguration;
			buildSettings = {
				ASSETCATALOG_COMPILER_APPICON_NAME = AppIcon;
				ASSETCATALOG_COMPILER_GLOBAL_ACCENT_COLOR_NAME = AccentColor;
				CODE_SIGN_ENTITLEMENTS = Posturato/Posturato.entitlements;
				CODE_SIGN_STYLE = Automatic;
				CURRENT_PROJECT_VERSION = 1;
				DEVELOPMENT_ASSET_PATHS = "\"Posturato/Preview Content\"";
				DEVELOPMENT_TEAM = 95TC3M7268;
				ENABLE_HARDENED_RUNTIME = YES;
				ENABLE_PREVIEWS = YES;
				GENERATE_INFOPLIST_FILE = YES;
				"INFOPLIST_KEY_UIApplicationSceneManifest_Generation[sdk=iphoneos*]" = YES;
				"INFOPLIST_KEY_UIApplicationSceneManifest_Generation[sdk=iphonesimulator*]" = YES;
				"INFOPLIST_KEY_UIApplicationSupportsIndirectInputEvents[sdk=iphoneos*]" = YES;
				"INFOPLIST_KEY_UIApplicationSupportsIndirectInputEvents[sdk=iphonesimulator*]" = YES;
				"INFOPLIST_KEY_UILaunchScreen_Generation[sdk=iphoneos*]" = YES;
				"INFOPLIST_KEY_UILaunchScreen_Generation[sdk=iphonesimulator*]" = YES;
				"INFOPLIST_KEY_UIStatusBarStyle[sdk=iphoneos*]" = UIStatusBarStyleDefault;
				"INFOPLIST_KEY_UIStatusBarStyle[sdk=iphonesimulator*]" = UIStatusBarStyleDefault;
				INFOPLIST_KEY_UISupportedInterfaceOrientations_iPad = "UIInterfaceOrientationPortrait UIInterfaceOrientationPortraitUpsideDown UIInterfaceOrientationLandscapeLeft UIInterfaceOrientationLandscapeRight";
				INFOPLIST_KEY_UISupportedInterfaceOrientations_iPhone = "UIInterfaceOrientationPortrait UIInterfaceOrientationLandscapeLeft UIInterfaceOrientationLandscapeRight";
				IPHONEOS_DEPLOYMENT_TARGET = 17.2;
				LD_RUNPATH_SEARCH_PATHS = "@executable_path/Frameworks";
				"LD_RUNPATH_SEARCH_PATHS[sdk=macosx*]" = "@executable_path/../Frameworks";
				MACOSX_DEPLOYMENT_TARGET = 14.2;
				MARKETING_VERSION = 1.0;
				PRODUCT_BUNDLE_IDENTIFIER = Ytsyy.Posturato;
				PRODUCT_NAME = "$(TARGET_NAME)";
				SDKROOT = auto;
				SUPPORTED_PLATFORMS = "iphoneos iphonesimulator macosx";
				SWIFT_EMIT_LOC_STRINGS = YES;
				SWIFT_VERSION = 5.0;
				TARGETED_DEVICE_FAMILY = "1,2";
			};
			name = Release;
		};
/* End XCBuildConfiguration section */

/* Begin XCConfigurationList section */
		946BE5FE2B79D71900EE3869 /* Build configuration list for PBXProject "Posturato" */ = {
			isa = XCConfigurationList;
			buildConfigurations = (
				946BE6102B79D71900EE3869 /* Debug */,
				946BE6112B79D71900EE3869 /* Release */,
			);
			defaultConfigurationIsVisible = 0;
			defaultConfigurationName = Release;
		};
		946BE6122B79D71900EE3869 /* Build configuration list for PBXNativeTarget "Posturato" */ = {
			isa = XCConfigurationList;
			buildConfigurations = (
				946BE6132B79D71900EE3869 /* Debug */,
				946BE6142B79D71900EE3869 /* Release */,
			);
			defaultConfigurationIsVisible = 0;
			defaultConfigurationName = Release;
		};
/* End XCConfigurationList section */

/* Begin XCRemoteSwiftPackageReference section */
		94930F122C2AA19F005B7DD4 /* XCRemoteSwiftPackageReference "firebase-ios-sdk" */ = {
			isa = XCRemoteSwiftPackageReference;
			repositoryURL = "https://github.com/firebase/firebase-ios-sdk.git";
			requirement = {
				kind = upToNextMajorVersion;
				minimumVersion = 10.28.1;
			};
		};
/* End XCRemoteSwiftPackageReference section */

/* Begin XCSwiftPackageProductDependency section */
		94930F132C2AA19F005B7DD4 /* FirebaseAnalytics */ = {
			isa = XCSwiftPackageProductDependency;
			package = 94930F122C2AA19F005B7DD4 /* XCRemoteSwiftPackageReference "firebase-ios-sdk" */;
			productName = FirebaseAnalytics;
		};
		94930F152C2AA19F005B7DD4 /* FirebaseAnalyticsOnDeviceConversion */ = {
			isa = XCSwiftPackageProductDependency;
			package = 94930F122C2AA19F005B7DD4 /* XCRemoteSwiftPackageReference "firebase-ios-sdk" */;
			productName = FirebaseAnalyticsOnDeviceConversion;
		};
		94930F172C2AA19F005B7DD4 /* FirebaseAnalyticsSwift */ = {
			isa = XCSwiftPackageProductDependency;
			package = 94930F122C2AA19F005B7DD4 /* XCRemoteSwiftPackageReference "firebase-ios-sdk" */;
			productName = FirebaseAnalyticsSwift;
		};
		94930F192C2AA19F005B7DD4 /* FirebaseAnalyticsWithoutAdIdSupport */ = {
			isa = XCSwiftPackageProductDependency;
			package = 94930F122C2AA19F005B7DD4 /* XCRemoteSwiftPackageReference "firebase-ios-sdk" */;
			productName = FirebaseAnalyticsWithoutAdIdSupport;
		};
		94930F1B2C2AA19F005B7DD4 /* FirebaseAppCheck */ = {
			isa = XCSwiftPackageProductDependency;
			package = 94930F122C2AA19F005B7DD4 /* XCRemoteSwiftPackageReference "firebase-ios-sdk" */;
			productName = FirebaseAppCheck;
		};
		94930F1D2C2AA19F005B7DD4 /* FirebaseAppDistribution-Beta */ = {
			isa = XCSwiftPackageProductDependency;
			package = 94930F122C2AA19F005B7DD4 /* XCRemoteSwiftPackageReference "firebase-ios-sdk" */;
			productName = "FirebaseAppDistribution-Beta";
		};
		94930F1F2C2AA19F005B7DD4 /* FirebaseAuth */ = {
			isa = XCSwiftPackageProductDependency;
			package = 94930F122C2AA19F005B7DD4 /* XCRemoteSwiftPackageReference "firebase-ios-sdk" */;
			productName = FirebaseAuth;
		};
		94930F212C2AA19F005B7DD4 /* FirebaseAuthCombine-Community */ = {
			isa = XCSwiftPackageProductDependency;
			package = 94930F122C2AA19F005B7DD4 /* XCRemoteSwiftPackageReference "firebase-ios-sdk" */;
			productName = "FirebaseAuthCombine-Community";
		};
		94930F232C2AA19F005B7DD4 /* FirebaseCrashlytics */ = {
			isa = XCSwiftPackageProductDependency;
			package = 94930F122C2AA19F005B7DD4 /* XCRemoteSwiftPackageReference "firebase-ios-sdk" */;
			productName = FirebaseCrashlytics;
		};
		94930F252C2AA19F005B7DD4 /* FirebaseDatabase */ = {
			isa = XCSwiftPackageProductDependency;
			package = 94930F122C2AA19F005B7DD4 /* XCRemoteSwiftPackageReference "firebase-ios-sdk" */;
			productName = FirebaseDatabase;
		};
		94930F272C2AA19F005B7DD4 /* FirebaseDatabaseSwift */ = {
			isa = XCSwiftPackageProductDependency;
			package = 94930F122C2AA19F005B7DD4 /* XCRemoteSwiftPackageReference "firebase-ios-sdk" */;
			productName = FirebaseDatabaseSwift;
		};
		94930F292C2AA19F005B7DD4 /* FirebaseDynamicLinks */ = {
			isa = XCSwiftPackageProductDependency;
			package = 94930F122C2AA19F005B7DD4 /* XCRemoteSwiftPackageReference "firebase-ios-sdk" */;
			productName = FirebaseDynamicLinks;
		};
		94930F2B2C2AA19F005B7DD4 /* FirebaseFirestore */ = {
			isa = XCSwiftPackageProductDependency;
			package = 94930F122C2AA19F005B7DD4 /* XCRemoteSwiftPackageReference "firebase-ios-sdk" */;
			productName = FirebaseFirestore;
		};
		94930F2D2C2AA19F005B7DD4 /* FirebaseFirestoreCombine-Community */ = {
			isa = XCSwiftPackageProductDependency;
			package = 94930F122C2AA19F005B7DD4 /* XCRemoteSwiftPackageReference "firebase-ios-sdk" */;
			productName = "FirebaseFirestoreCombine-Community";
		};
		94930F2F2C2AA19F005B7DD4 /* FirebaseFirestoreSwift */ = {
			isa = XCSwiftPackageProductDependency;
			package = 94930F122C2AA19F005B7DD4 /* XCRemoteSwiftPackageReference "firebase-ios-sdk" */;
			productName = FirebaseFirestoreSwift;
		};
		94930F312C2AA19F005B7DD4 /* FirebaseFunctions */ = {
			isa = XCSwiftPackageProductDependency;
			package = 94930F122C2AA19F005B7DD4 /* XCRemoteSwiftPackageReference "firebase-ios-sdk" */;
			productName = FirebaseFunctions;
		};
		94930F332C2AA19F005B7DD4 /* FirebaseFunctionsCombine-Community */ = {
			isa = XCSwiftPackageProductDependency;
			package = 94930F122C2AA19F005B7DD4 /* XCRemoteSwiftPackageReference "firebase-ios-sdk" */;
			productName = "FirebaseFunctionsCombine-Community";
		};
		94930F352C2AA19F005B7DD4 /* FirebaseInAppMessaging-Beta */ = {
			isa = XCSwiftPackageProductDependency;
			package = 94930F122C2AA19F005B7DD4 /* XCRemoteSwiftPackageReference "firebase-ios-sdk" */;
			productName = "FirebaseInAppMessaging-Beta";
		};
		94930F372C2AA19F005B7DD4 /* FirebaseInAppMessagingSwift-Beta */ = {
			isa = XCSwiftPackageProductDependency;
			package = 94930F122C2AA19F005B7DD4 /* XCRemoteSwiftPackageReference "firebase-ios-sdk" */;
			productName = "FirebaseInAppMessagingSwift-Beta";
		};
		94930F392C2AA19F005B7DD4 /* FirebaseInstallations */ = {
			isa = XCSwiftPackageProductDependency;
			package = 94930F122C2AA19F005B7DD4 /* XCRemoteSwiftPackageReference "firebase-ios-sdk" */;
			productName = FirebaseInstallations;
		};
		94930F3B2C2AA19F005B7DD4 /* FirebaseMLModelDownloader */ = {
			isa = XCSwiftPackageProductDependency;
			package = 94930F122C2AA19F005B7DD4 /* XCRemoteSwiftPackageReference "firebase-ios-sdk" */;
			productName = FirebaseMLModelDownloader;
		};
		94930F3D2C2AA19F005B7DD4 /* FirebaseMessaging */ = {
			isa = XCSwiftPackageProductDependency;
			package = 94930F122C2AA19F005B7DD4 /* XCRemoteSwiftPackageReference "firebase-ios-sdk" */;
			productName = FirebaseMessaging;
		};
		94930F3F2C2AA19F005B7DD4 /* FirebasePerformance */ = {
			isa = XCSwiftPackageProductDependency;
			package = 94930F122C2AA19F005B7DD4 /* XCRemoteSwiftPackageReference "firebase-ios-sdk" */;
			productName = FirebasePerformance;
		};
		94930F412C2AA19F005B7DD4 /* FirebaseRemoteConfig */ = {
			isa = XCSwiftPackageProductDependency;
			package = 94930F122C2AA19F005B7DD4 /* XCRemoteSwiftPackageReference "firebase-ios-sdk" */;
			productName = FirebaseRemoteConfig;
		};
		94930F432C2AA19F005B7DD4 /* FirebaseRemoteConfigSwift */ = {
			isa = XCSwiftPackageProductDependency;
			package = 94930F122C2AA19F005B7DD4 /* XCRemoteSwiftPackageReference "firebase-ios-sdk" */;
			productName = FirebaseRemoteConfigSwift;
		};
		94930F452C2AA19F005B7DD4 /* FirebaseStorage */ = {
			isa = XCSwiftPackageProductDependency;
			package = 94930F122C2AA19F005B7DD4 /* XCRemoteSwiftPackageReference "firebase-ios-sdk" */;
			productName = FirebaseStorage;
		};
		94930F472C2AA19F005B7DD4 /* FirebaseStorageCombine-Community */ = {
			isa = XCSwiftPackageProductDependency;
			package = 94930F122C2AA19F005B7DD4 /* XCRemoteSwiftPackageReference "firebase-ios-sdk" */;
			productName = "FirebaseStorageCombine-Community";
		};
		94930F492C2AA19F005B7DD4 /* FirebaseVertexAI-Preview */ = {
			isa = XCSwiftPackageProductDependency;
			package = 94930F122C2AA19F005B7DD4 /* XCRemoteSwiftPackageReference "firebase-ios-sdk" */;
			productName = "FirebaseVertexAI-Preview";
		};
/* End XCSwiftPackageProductDependency section */
	};
	rootObject = 946BE5FB2B79D71900EE3869 /* Project object */;
}
